
Microsoft Visual Studio Solution File, Format Version 11.00
# Visual Studio 2010
Project("{FAE04EC0-301F-11D3-BF4B-00C04F79EFBC}") = "EntryEngine", "EntryEngine\EntryEngine.csproj", "{424D14E4-1661-42E9-A192-B1C60D4669FF}"
EndProject
Project("{FAE04EC0-301F-11D3-BF4B-00C04F79EFBC}") = "Unity", "Unity\Unity.csproj", "{F7196B2E-1FD0-4646-9018-D07335E8E0D4}"
EndProject
Project("{FAE04EC0-301F-11D3-BF4B-00C04F79EFBC}") = "Xna", "Xna\Xna.csproj", "{88408D4A-1C4C-448F-8FF0-DD7F22BF789B}"
EndProject
Project("{FAE04EC0-301F-11D3-BF4B-00C04F79EFBC}") = "Cmdline", "Cmdline\Cmdline.csproj", "{516530FA-7610-4DC9-91A5-B18B05CAFFCC}"
EndProject
Project("{2150E333-8FDC-42A3-9474-1A3956D46DE8}") = "Platform", "Platform", "{917A9BBD-A0EC-4B62-AE4F-73B931F70E3F}"
EndProject
Project("{2150E333-8FDC-42A3-9474-1A3956D46DE8}") = "Plugins", "Plugins", "{4A922383-D7B0-4170-ADFB-60A1A44DBACD}"
EndProject
Project("{FAE04EC0-301F-11D3-BF4B-00C04F79EFBC}") = "DragonBones", "DragonBones\DragonBones.csproj", "{E7FFFC0B-8899-42E5-86D3-98D5498D18D3}"
EndProject
Project("{FAE04EC0-301F-11D3-BF4B-00C04F79EFBC}") = "Spine", "Spine\Spine.csproj", "{20947282-9AAF-4023-BC1E-325D89415391}"
EndProject
Project("{2150E333-8FDC-42A3-9474-1A3956D46DE8}") = "Language", "Language", "{364E3A3D-433C-441C-B81B-34AEC45B2E6C}"
EndProject
Project("{FAE04EC0-301F-11D3-BF4B-00C04F79EFBC}") = "JavaScript", "JavaScript\JavaScript.csproj", "{9C7D9A58-AAEA-4228-957A-E7677E3DD0B1}"
EndProject
Project("{2150E333-8FDC-42A3-9474-1A3956D46DE8}") = "JS", "JS", "{903D1080-D588-4431-B9D0-5FD636AB3C43}"
EndProject
Project("{FAE04EC0-301F-11D3-BF4B-00C04F79EFBC}") = "HTML5", "HTML5\HTML5.csproj", "{43BF0513-5469-4DB1-A770-ECA838C731DB}"
EndProject
Global
	GlobalSection(SolutionConfigurationPlatforms) = preSolution
		CLIENT|Any CPU = CLIENT|Any CPU
		CLIENT|Mixed Platforms = CLIENT|Mixed Platforms
		CLIENT|x86 = CLIENT|x86
		Debug|Any CPU = Debug|Any CPU
		Debug|Mixed Platforms = Debug|Mixed Platforms
		Debug|x86 = Debug|x86
		EntryBuilder|Any CPU = EntryBuilder|Any CPU
		EntryBuilder|Mixed Platforms = EntryBuilder|Mixed Platforms
		EntryBuilder|x86 = EntryBuilder|x86
		Release|Any CPU = Release|Any CPU
		Release|Mixed Platforms = Release|Mixed Platforms
		Release|x86 = Release|x86
		SERVER|Any CPU = SERVER|Any CPU
		SERVER|Mixed Platforms = SERVER|Mixed Platforms
		SERVER|x86 = SERVER|x86
		WEB|Any CPU = WEB|Any CPU
		WEB|Mixed Platforms = WEB|Mixed Platforms
		WEB|x86 = WEB|x86
	EndGlobalSection
	GlobalSection(ProjectConfigurationPlatforms) = postSolution
		{424D14E4-1661-42E9-A192-B1C60D4669FF}.CLIENT|Any CPU.ActiveCfg = CLIENT|Any CPU
		{424D14E4-1661-42E9-A192-B1C60D4669FF}.CLIENT|Any CPU.Build.0 = CLIENT|Any CPU
		{424D14E4-1661-42E9-A192-B1C60D4669FF}.CLIENT|Mixed Platforms.ActiveCfg = CLIENT|Any CPU
		{424D14E4-1661-42E9-A192-B1C60D4669FF}.CLIENT|Mixed Platforms.Build.0 = CLIENT|Any CPU
		{424D14E4-1661-42E9-A192-B1C60D4669FF}.CLIENT|x86.ActiveCfg = CLIENT|Any CPU
		{424D14E4-1661-42E9-A192-B1C60D4669FF}.Debug|Any CPU.ActiveCfg = Debug|Any CPU
		{424D14E4-1661-42E9-A192-B1C60D4669FF}.Debug|Any CPU.Build.0 = Debug|Any CPU
		{424D14E4-1661-42E9-A192-B1C60D4669FF}.Debug|Mixed Platforms.ActiveCfg = Debug|Any CPU
		{424D14E4-1661-42E9-A192-B1C60D4669FF}.Debug|Mixed Platforms.Build.0 = Debug|Any CPU
		{424D14E4-1661-42E9-A192-B1C60D4669FF}.Debug|x86.ActiveCfg = Debug|Any CPU
		{424D14E4-1661-42E9-A192-B1C60D4669FF}.EntryBuilder|Any CPU.ActiveCfg = EntryBuilder|Any CPU
		{424D14E4-1661-42E9-A192-B1C60D4669FF}.EntryBuilder|Any CPU.Build.0 = EntryBuilder|Any CPU
		{424D14E4-1661-42E9-A192-B1C60D4669FF}.EntryBuilder|Mixed Platforms.ActiveCfg = EntryBuilder|Any CPU
		{424D14E4-1661-42E9-A192-B1C60D4669FF}.EntryBuilder|Mixed Platforms.Build.0 = EntryBuilder|Any CPU
		{424D14E4-1661-42E9-A192-B1C60D4669FF}.EntryBuilder|x86.ActiveCfg = EntryBuilder|Any CPU
		{424D14E4-1661-42E9-A192-B1C60D4669FF}.Release|Any CPU.ActiveCfg = Release|Any CPU
		{424D14E4-1661-42E9-A192-B1C60D4669FF}.Release|Any CPU.Build.0 = Release|Any CPU
		{424D14E4-1661-42E9-A192-B1C60D4669FF}.Release|Mixed Platforms.ActiveCfg = Release|Any CPU
		{424D14E4-1661-42E9-A192-B1C60D4669FF}.Release|Mixed Platforms.Build.0 = Release|Any CPU
		{424D14E4-1661-42E9-A192-B1C60D4669FF}.Release|x86.ActiveCfg = Release|Any CPU
		{424D14E4-1661-42E9-A192-B1C60D4669FF}.SERVER|Any CPU.ActiveCfg = SERVER|Any CPU
		{424D14E4-1661-42E9-A192-B1C60D4669FF}.SERVER|Any CPU.Build.0 = SERVER|Any CPU
		{424D14E4-1661-42E9-A192-B1C60D4669FF}.SERVER|Mixed Platforms.ActiveCfg = SERVER|Any CPU
		{424D14E4-1661-42E9-A192-B1C60D4669FF}.SERVER|Mixed Platforms.Build.0 = SERVER|Any CPU
		{424D14E4-1661-42E9-A192-B1C60D4669FF}.SERVER|x86.ActiveCfg = SERVER|Any CPU
		{424D14E4-1661-42E9-A192-B1C60D4669FF}.WEB|Any CPU.ActiveCfg = WEB|Any CPU
		{424D14E4-1661-42E9-A192-B1C60D4669FF}.WEB|Any CPU.Build.0 = WEB|Any CPU
		{424D14E4-1661-42E9-A192-B1C60D4669FF}.WEB|Mixed Platforms.ActiveCfg = WEB|Any CPU
		{424D14E4-1661-42E9-A192-B1C60D4669FF}.WEB|Mixed Platforms.Build.0 = WEB|Any CPU
		{424D14E4-1661-42E9-A192-B1C60D4669FF}.WEB|x86.ActiveCfg = WEB|Any CPU
		{F7196B2E-1FD0-4646-9018-D07335E8E0D4}.CLIENT|Any CPU.ActiveCfg = CLIENT|Any CPU
		{F7196B2E-1FD0-4646-9018-D07335E8E0D4}.CLIENT|Any CPU.Build.0 = CLIENT|Any CPU
		{F7196B2E-1FD0-4646-9018-D07335E8E0D4}.CLIENT|Mixed Platforms.ActiveCfg = CLIENT|Any CPU
		{F7196B2E-1FD0-4646-9018-D07335E8E0D4}.CLIENT|Mixed Platforms.Build.0 = CLIENT|Any CPU
		{F7196B2E-1FD0-4646-9018-D07335E8E0D4}.CLIENT|x86.ActiveCfg = CLIENT|Any CPU
		{F7196B2E-1FD0-4646-9018-D07335E8E0D4}.Debug|Any CPU.ActiveCfg = Debug|Any CPU
		{F7196B2E-1FD0-4646-9018-D07335E8E0D4}.Debug|Any CPU.Build.0 = Debug|Any CPU
		{F7196B2E-1FD0-4646-9018-D07335E8E0D4}.Debug|Mixed Platforms.ActiveCfg = Debug|Any CPU
		{F7196B2E-1FD0-4646-9018-D07335E8E0D4}.Debug|Mixed Platforms.Build.0 = Debug|Any CPU
		{F7196B2E-1FD0-4646-9018-D07335E8E0D4}.Debug|x86.ActiveCfg = Debug|Any CPU
		{F7196B2E-1FD0-4646-9018-D07335E8E0D4}.EntryBuilder|Any CPU.ActiveCfg = EntryBuilder|Any CPU
		{F7196B2E-1FD0-4646-9018-D07335E8E0D4}.EntryBuilder|Any CPU.Build.0 = EntryBuilder|Any CPU
		{F7196B2E-1FD0-4646-9018-D07335E8E0D4}.EntryBuilder|Mixed Platforms.ActiveCfg = EntryBuilder|Any CPU
		{F7196B2E-1FD0-4646-9018-D07335E8E0D4}.EntryBuilder|Mixed Platforms.Build.0 = EntryBuilder|Any CPU
		{F7196B2E-1FD0-4646-9018-D07335E8E0D4}.EntryBuilder|x86.ActiveCfg = EntryBuilder|Any CPU
		{F7196B2E-1FD0-4646-9018-D07335E8E0D4}.Release|Any CPU.ActiveCfg = Release|Any CPU
		{F7196B2E-1FD0-4646-9018-D07335E8E0D4}.Release|Any CPU.Build.0 = Release|Any CPU
		{F7196B2E-1FD0-4646-9018-D07335E8E0D4}.Release|Mixed Platforms.ActiveCfg = Release|Any CPU
		{F7196B2E-1FD0-4646-9018-D07335E8E0D4}.Release|Mixed Platforms.Build.0 = Release|Any CPU
		{F7196B2E-1FD0-4646-9018-D07335E8E0D4}.Release|x86.ActiveCfg = Release|Any CPU
		{F7196B2E-1FD0-4646-9018-D07335E8E0D4}.SERVER|Any CPU.ActiveCfg = SERVER|Any CPU
		{F7196B2E-1FD0-4646-9018-D07335E8E0D4}.SERVER|Any CPU.Build.0 = SERVER|Any CPU
		{F7196B2E-1FD0-4646-9018-D07335E8E0D4}.SERVER|Mixed Platforms.ActiveCfg = SERVER|Any CPU
		{F7196B2E-1FD0-4646-9018-D07335E8E0D4}.SERVER|Mixed Platforms.Build.0 = SERVER|Any CPU
		{F7196B2E-1FD0-4646-9018-D07335E8E0D4}.SERVER|x86.ActiveCfg = SERVER|Any CPU
		{F7196B2E-1FD0-4646-9018-D07335E8E0D4}.WEB|Any CPU.ActiveCfg = WEB|Any CPU
		{F7196B2E-1FD0-4646-9018-D07335E8E0D4}.WEB|Any CPU.Build.0 = WEB|Any CPU
		{F7196B2E-1FD0-4646-9018-D07335E8E0D4}.WEB|Mixed Platforms.ActiveCfg = WEB|Any CPU
		{F7196B2E-1FD0-4646-9018-D07335E8E0D4}.WEB|Mixed Platforms.Build.0 = WEB|Any CPU
		{F7196B2E-1FD0-4646-9018-D07335E8E0D4}.WEB|x86.ActiveCfg = WEB|Any CPU
		{88408D4A-1C4C-448F-8FF0-DD7F22BF789B}.CLIENT|Any CPU.ActiveCfg = CLIENT|Any CPU
		{88408D4A-1C4C-448F-8FF0-DD7F22BF789B}.CLIENT|Any CPU.Build.0 = CLIENT|Any CPU
		{88408D4A-1C4C-448F-8FF0-DD7F22BF789B}.CLIENT|Mixed Platforms.ActiveCfg = CLIENT|Any CPU
		{88408D4A-1C4C-448F-8FF0-DD7F22BF789B}.CLIENT|Mixed Platforms.Build.0 = CLIENT|Any CPU
		{88408D4A-1C4C-448F-8FF0-DD7F22BF789B}.CLIENT|x86.ActiveCfg = CLIENT|Any CPU
		{88408D4A-1C4C-448F-8FF0-DD7F22BF789B}.Debug|Any CPU.ActiveCfg = Debug|Any CPU
		{88408D4A-1C4C-448F-8FF0-DD7F22BF789B}.Debug|Any CPU.Build.0 = Debug|Any CPU
		{88408D4A-1C4C-448F-8FF0-DD7F22BF789B}.Debug|Mixed Platforms.ActiveCfg = Debug|Any CPU
		{88408D4A-1C4C-448F-8FF0-DD7F22BF789B}.Debug|Mixed Platforms.Build.0 = Debug|Any CPU
		{88408D4A-1C4C-448F-8FF0-DD7F22BF789B}.Debug|x86.ActiveCfg = Debug|Any CPU
		{88408D4A-1C4C-448F-8FF0-DD7F22BF789B}.EntryBuilder|Any CPU.ActiveCfg = EntryBuilder|Any CPU
		{88408D4A-1C4C-448F-8FF0-DD7F22BF789B}.EntryBuilder|Any CPU.Build.0 = EntryBuilder|Any CPU
		{88408D4A-1C4C-448F-8FF0-DD7F22BF789B}.EntryBuilder|Mixed Platforms.ActiveCfg = EntryBuilder|Any CPU
		{88408D4A-1C4C-448F-8FF0-DD7F22BF789B}.EntryBuilder|Mixed Platforms.Build.0 = EntryBuilder|Any CPU
		{88408D4A-1C4C-448F-8FF0-DD7F22BF789B}.EntryBuilder|x86.ActiveCfg = EntryBuilder|Any CPU
		{88408D4A-1C4C-448F-8FF0-DD7F22BF789B}.Release|Any CPU.ActiveCfg = Release|Any CPU
		{88408D4A-1C4C-448F-8FF0-DD7F22BF789B}.Release|Any CPU.Build.0 = Release|Any CPU
		{88408D4A-1C4C-448F-8FF0-DD7F22BF789B}.Release|Mixed Platforms.ActiveCfg = Release|Any CPU
		{88408D4A-1C4C-448F-8FF0-DD7F22BF789B}.Release|Mixed Platforms.Build.0 = Release|Any CPU
		{88408D4A-1C4C-448F-8FF0-DD7F22BF789B}.Release|x86.ActiveCfg = Release|Any CPU
		{88408D4A-1C4C-448F-8FF0-DD7F22BF789B}.SERVER|Any CPU.ActiveCfg = SERVER|Any CPU
		{88408D4A-1C4C-448F-8FF0-DD7F22BF789B}.SERVER|Any CPU.Build.0 = SERVER|Any CPU
		{88408D4A-1C4C-448F-8FF0-DD7F22BF789B}.SERVER|Mixed Platforms.ActiveCfg = SERVER|Any CPU
		{88408D4A-1C4C-448F-8FF0-DD7F22BF789B}.SERVER|Mixed Platforms.Build.0 = SERVER|Any CPU
		{88408D4A-1C4C-448F-8FF0-DD7F22BF789B}.SERVER|x86.ActiveCfg = SERVER|Any CPU
		{88408D4A-1C4C-448F-8FF0-DD7F22BF789B}.WEB|Any CPU.ActiveCfg = WEB|Any CPU
		{88408D4A-1C4C-448F-8FF0-DD7F22BF789B}.WEB|Any CPU.Build.0 = WEB|Any CPU
		{88408D4A-1C4C-448F-8FF0-DD7F22BF789B}.WEB|Mixed Platforms.ActiveCfg = WEB|Any CPU
		{88408D4A-1C4C-448F-8FF0-DD7F22BF789B}.WEB|Mixed Platforms.Build.0 = WEB|Any CPU
		{88408D4A-1C4C-448F-8FF0-DD7F22BF789B}.WEB|x86.ActiveCfg = WEB|Any CPU
		{516530FA-7610-4DC9-91A5-B18B05CAFFCC}.CLIENT|Any CPU.ActiveCfg = Release|Any CPU
		{516530FA-7610-4DC9-91A5-B18B05CAFFCC}.CLIENT|Any CPU.Build.0 = Release|Any CPU
		{516530FA-7610-4DC9-91A5-B18B05CAFFCC}.CLIENT|Mixed Platforms.ActiveCfg = Release|Any CPU
		{516530FA-7610-4DC9-91A5-B18B05CAFFCC}.CLIENT|Mixed Platforms.Build.0 = Release|Any CPU
		{516530FA-7610-4DC9-91A5-B18B05CAFFCC}.CLIENT|x86.ActiveCfg = Release|Any CPU
		{516530FA-7610-4DC9-91A5-B18B05CAFFCC}.Debug|Any CPU.ActiveCfg = Debug|Any CPU
		{516530FA-7610-4DC9-91A5-B18B05CAFFCC}.Debug|Any CPU.Build.0 = Debug|Any CPU
		{516530FA-7610-4DC9-91A5-B18B05CAFFCC}.Debug|Mixed Platforms.ActiveCfg = Debug|Any CPU
		{516530FA-7610-4DC9-91A5-B18B05CAFFCC}.Debug|x86.ActiveCfg = Debug|Any CPU
		{516530FA-7610-4DC9-91A5-B18B05CAFFCC}.EntryBuilder|Any CPU.ActiveCfg = Release|Any CPU
		{516530FA-7610-4DC9-91A5-B18B05CAFFCC}.EntryBuilder|Any CPU.Build.0 = Release|Any CPU
		{516530FA-7610-4DC9-91A5-B18B05CAFFCC}.EntryBuilder|Mixed Platforms.ActiveCfg = Release|Any CPU
		{516530FA-7610-4DC9-91A5-B18B05CAFFCC}.EntryBuilder|Mixed Platforms.Build.0 = Release|Any CPU
		{516530FA-7610-4DC9-91A5-B18B05CAFFCC}.EntryBuilder|x86.ActiveCfg = Release|Any CPU
		{516530FA-7610-4DC9-91A5-B18B05CAFFCC}.Release|Any CPU.ActiveCfg = Release|Any CPU
		{516530FA-7610-4DC9-91A5-B18B05CAFFCC}.Release|Any CPU.Build.0 = Release|Any CPU
		{516530FA-7610-4DC9-91A5-B18B05CAFFCC}.Release|Mixed Platforms.ActiveCfg = Release|Any CPU
		{516530FA-7610-4DC9-91A5-B18B05CAFFCC}.Release|Mixed Platforms.Build.0 = Release|Any CPU
		{516530FA-7610-4DC9-91A5-B18B05CAFFCC}.Release|x86.ActiveCfg = Release|Any CPU
		{516530FA-7610-4DC9-91A5-B18B05CAFFCC}.SERVER|Any CPU.ActiveCfg = Release|Any CPU
		{516530FA-7610-4DC9-91A5-B18B05CAFFCC}.SERVER|Any CPU.Build.0 = Release|Any CPU
		{516530FA-7610-4DC9-91A5-B18B05CAFFCC}.SERVER|Mixed Platforms.ActiveCfg = Release|Any CPU
		{516530FA-7610-4DC9-91A5-B18B05CAFFCC}.SERVER|Mixed Platforms.Build.0 = Release|Any CPU
		{516530FA-7610-4DC9-91A5-B18B05CAFFCC}.SERVER|x86.ActiveCfg = Release|Any CPU
		{516530FA-7610-4DC9-91A5-B18B05CAFFCC}.WEB|Any CPU.ActiveCfg = Release|Any CPU
		{516530FA-7610-4DC9-91A5-B18B05CAFFCC}.WEB|Any CPU.Build.0 = Release|Any CPU
		{516530FA-7610-4DC9-91A5-B18B05CAFFCC}.WEB|Mixed Platforms.ActiveCfg = Release|Any CPU
		{516530FA-7610-4DC9-91A5-B18B05CAFFCC}.WEB|Mixed Platforms.Build.0 = Release|Any CPU
		{516530FA-7610-4DC9-91A5-B18B05CAFFCC}.WEB|x86.ActiveCfg = Release|Any CPU
		{E7FFFC0B-8899-42E5-86D3-98D5498D18D3}.CLIENT|Any CPU.ActiveCfg = Release|Any CPU
		{E7FFFC0B-8899-42E5-86D3-98D5498D18D3}.CLIENT|Any CPU.Build.0 = Release|Any CPU
		{E7FFFC0B-8899-42E5-86D3-98D5498D18D3}.CLIENT|Mixed Platforms.ActiveCfg = Release|Any CPU
		{E7FFFC0B-8899-42E5-86D3-98D5498D18D3}.CLIENT|Mixed Platforms.Build.0 = Release|Any CPU
		{E7FFFC0B-8899-42E5-86D3-98D5498D18D3}.CLIENT|x86.ActiveCfg = Release|Any CPU
		{E7FFFC0B-8899-42E5-86D3-98D5498D18D3}.Debug|Any CPU.ActiveCfg = Debug|Any CPU
		{E7FFFC0B-8899-42E5-86D3-98D5498D18D3}.Debug|Any CPU.Build.0 = Debug|Any CPU
		{E7FFFC0B-8899-42E5-86D3-98D5498D18D3}.Debug|Mixed Platforms.ActiveCfg = Debug|Any CPU
		{E7FFFC0B-8899-42E5-86D3-98D5498D18D3}.Debug|x86.ActiveCfg = Debug|Any CPU
		{E7FFFC0B-8899-42E5-86D3-98D5498D18D3}.EntryBuilder|Any CPU.ActiveCfg = Release|Any CPU
		{E7FFFC0B-8899-42E5-86D3-98D5498D18D3}.EntryBuilder|Any CPU.Build.0 = Release|Any CPU
		{E7FFFC0B-8899-42E5-86D3-98D5498D18D3}.EntryBuilder|Mixed Platforms.ActiveCfg = Release|Any CPU
		{E7FFFC0B-8899-42E5-86D3-98D5498D18D3}.EntryBuilder|Mixed Platforms.Build.0 = Release|Any CPU
		{E7FFFC0B-8899-42E5-86D3-98D5498D18D3}.EntryBuilder|x86.ActiveCfg = Release|Any CPU
		{E7FFFC0B-8899-42E5-86D3-98D5498D18D3}.Release|Any CPU.ActiveCfg = Release|Any CPU
		{E7FFFC0B-8899-42E5-86D3-98D5498D18D3}.Release|Any CPU.Build.0 = Release|Any CPU
		{E7FFFC0B-8899-42E5-86D3-98D5498D18D3}.Release|Mixed Platforms.ActiveCfg = Release|Any CPU
		{E7FFFC0B-8899-42E5-86D3-98D5498D18D3}.Release|Mixed Platforms.Build.0 = Release|Any CPU
		{E7FFFC0B-8899-42E5-86D3-98D5498D18D3}.Release|x86.ActiveCfg = Release|Any CPU
		{E7FFFC0B-8899-42E5-86D3-98D5498D18D3}.SERVER|Any CPU.ActiveCfg = Release|Any CPU
		{E7FFFC0B-8899-42E5-86D3-98D5498D18D3}.SERVER|Any CPU.Build.0 = Release|Any CPU
		{E7FFFC0B-8899-42E5-86D3-98D5498D18D3}.SERVER|Mixed Platforms.ActiveCfg = Release|Any CPU
		{E7FFFC0B-8899-42E5-86D3-98D5498D18D3}.SERVER|Mixed Platforms.Build.0 = Release|Any CPU
		{E7FFFC0B-8899-42E5-86D3-98D5498D18D3}.SERVER|x86.ActiveCfg = Release|Any CPU
		{E7FFFC0B-8899-42E5-86D3-98D5498D18D3}.WEB|Any CPU.ActiveCfg = Release|Any CPU
		{E7FFFC0B-8899-42E5-86D3-98D5498D18D3}.WEB|Any CPU.Build.0 = Release|Any CPU
		{E7FFFC0B-8899-42E5-86D3-98D5498D18D3}.WEB|Mixed Platforms.ActiveCfg = Release|Any CPU
		{E7FFFC0B-8899-42E5-86D3-98D5498D18D3}.WEB|Mixed Platforms.Build.0 = Release|Any CPU
		{E7FFFC0B-8899-42E5-86D3-98D5498D18D3}.WEB|x86.ActiveCfg = Release|Any CPU
		{20947282-9AAF-4023-BC1E-325D89415391}.CLIENT|Any CPU.ActiveCfg = Release|Any CPU
		{20947282-9AAF-4023-BC1E-325D89415391}.CLIENT|Any CPU.Build.0 = Release|Any CPU
		{20947282-9AAF-4023-BC1E-325D89415391}.CLIENT|Mixed Platforms.ActiveCfg = Release|Any CPU
		{20947282-9AAF-4023-BC1E-325D89415391}.CLIENT|Mixed Platforms.Build.0 = Release|Any CPU
		{20947282-9AAF-4023-BC1E-325D89415391}.CLIENT|x86.ActiveCfg = Release|Any CPU
		{20947282-9AAF-4023-BC1E-325D89415391}.Debug|Any CPU.ActiveCfg = Debug|Any CPU
		{20947282-9AAF-4023-BC1E-325D89415391}.Debug|Any CPU.Build.0 = Debug|Any CPU
		{20947282-9AAF-4023-BC1E-325D89415391}.Debug|Mixed Platforms.ActiveCfg = Debug|Any CPU
		{20947282-9AAF-4023-BC1E-325D89415391}.Debug|x86.ActiveCfg = Debug|Any CPU
		{20947282-9AAF-4023-BC1E-325D89415391}.EntryBuilder|Any CPU.ActiveCfg = Release|Any CPU
		{20947282-9AAF-4023-BC1E-325D89415391}.EntryBuilder|Any CPU.Build.0 = Release|Any CPU
		{20947282-9AAF-4023-BC1E-325D89415391}.EntryBuilder|Mixed Platforms.ActiveCfg = Release|Any CPU
		{20947282-9AAF-4023-BC1E-325D89415391}.EntryBuilder|Mixed Platforms.Build.0 = Release|Any CPU
		{20947282-9AAF-4023-BC1E-325D89415391}.EntryBuilder|x86.ActiveCfg = Release|Any CPU
		{20947282-9AAF-4023-BC1E-325D89415391}.Release|Any CPU.ActiveCfg = Release|Any CPU
		{20947282-9AAF-4023-BC1E-325D89415391}.Release|Any CPU.Build.0 = Release|Any CPU
		{20947282-9AAF-4023-BC1E-325D89415391}.Release|Mixed Platforms.ActiveCfg = Release|Any CPU
		{20947282-9AAF-4023-BC1E-325D89415391}.Release|Mixed Platforms.Build.0 = Release|Any CPU
		{20947282-9AAF-4023-BC1E-325D89415391}.Release|x86.ActiveCfg = Release|Any CPU
		{20947282-9AAF-4023-BC1E-325D89415391}.SERVER|Any CPU.ActiveCfg = Release|Any CPU
		{20947282-9AAF-4023-BC1E-325D89415391}.SERVER|Any CPU.Build.0 = Release|Any CPU
		{20947282-9AAF-4023-BC1E-325D89415391}.SERVER|Mixed Platforms.ActiveCfg = Release|Any CPU
		{20947282-9AAF-4023-BC1E-325D89415391}.SERVER|Mixed Platforms.Build.0 = Release|Any CPU
		{20947282-9AAF-4023-BC1E-325D89415391}.SERVER|x86.ActiveCfg = Release|Any CPU
		{20947282-9AAF-4023-BC1E-325D89415391}.WEB|Any CPU.ActiveCfg = Release|Any CPU
		{20947282-9AAF-4023-BC1E-325D89415391}.WEB|Any CPU.Build.0 = Release|Any CPU
		{20947282-9AAF-4023-BC1E-325D89415391}.WEB|Mixed Platforms.ActiveCfg = Release|Any CPU
		{20947282-9AAF-4023-BC1E-325D89415391}.WEB|Mixed Platforms.Build.0 = Release|Any CPU
		{20947282-9AAF-4023-BC1E-325D89415391}.WEB|x86.ActiveCfg = Release|Any CPU
		{9C7D9A58-AAEA-4228-957A-E7677E3DD0B1}.CLIENT|Any CPU.ActiveCfg = Release|Any CPU
		{9C7D9A58-AAEA-4228-957A-E7677E3DD0B1}.CLIENT|Any CPU.Build.0 = Release|Any CPU
		{9C7D9A58-AAEA-4228-957A-E7677E3DD0B1}.CLIENT|Mixed Platforms.ActiveCfg = Release|Any CPU
		{9C7D9A58-AAEA-4228-957A-E7677E3DD0B1}.CLIENT|Mixed Platforms.Build.0 = Release|Any CPU
		{9C7D9A58-AAEA-4228-957A-E7677E3DD0B1}.CLIENT|x86.ActiveCfg = Release|Any CPU
		{9C7D9A58-AAEA-4228-957A-E7677E3DD0B1}.Debug|Any CPU.ActiveCfg = Debug|Any CPU
		{9C7D9A58-AAEA-4228-957A-E7677E3DD0B1}.Debug|Any CPU.Build.0 = Debug|Any CPU
		{9C7D9A58-AAEA-4228-957A-E7677E3DD0B1}.Debug|Mixed Platforms.ActiveCfg = Debug|Any CPU
		{9C7D9A58-AAEA-4228-957A-E7677E3DD0B1}.Debug|x86.ActiveCfg = Debug|Any CPU
		{9C7D9A58-AAEA-4228-957A-E7677E3DD0B1}.EntryBuilder|Any CPU.ActiveCfg = Release|Any CPU
		{9C7D9A58-AAEA-4228-957A-E7677E3DD0B1}.EntryBuilder|Any CPU.Build.0 = Release|Any CPU
		{9C7D9A58-AAEA-4228-957A-E7677E3DD0B1}.EntryBuilder|Mixed Platforms.ActiveCfg = Release|Any CPU
		{9C7D9A58-AAEA-4228-957A-E7677E3DD0B1}.EntryBuilder|Mixed Platforms.Build.0 = Release|Any CPU
		{9C7D9A58-AAEA-4228-957A-E7677E3DD0B1}.EntryBuilder|x86.ActiveCfg = Release|Any CPU
		{9C7D9A58-AAEA-4228-957A-E7677E3DD0B1}.Release|Any CPU.ActiveCfg = Release|Any CPU
		{9C7D9A58-AAEA-4228-957A-E7677E3DD0B1}.Release|Any CPU.Build.0 = Release|Any CPU
		{9C7D9A58-AAEA-4228-957A-E7677E3DD0B1}.Release|Mixed Platforms.ActiveCfg = Release|Any CPU
		{9C7D9A58-AAEA-4228-957A-E7677E3DD0B1}.Release|Mixed Platforms.Build.0 = Release|Any CPU
		{9C7D9A58-AAEA-4228-957A-E7677E3DD0B1}.Release|x86.ActiveCfg = Release|Any CPU
		{9C7D9A58-AAEA-4228-957A-E7677E3DD0B1}.SERVER|Any CPU.ActiveCfg = Release|Any CPU
		{9C7D9A58-AAEA-4228-957A-E7677E3DD0B1}.SERVER|Any CPU.Build.0 = Release|Any CPU
		{9C7D9A58-AAEA-4228-957A-E7677E3DD0B1}.SERVER|Mixed Platforms.ActiveCfg = Release|Any CPU
		{9C7D9A58-AAEA-4228-957A-E7677E3DD0B1}.SERVER|Mixed Platforms.Build.0 = Release|Any CPU
		{9C7D9A58-AAEA-4228-957A-E7677E3DD0B1}.SERVER|x86.ActiveCfg = Release|Any CPU
		{9C7D9A58-AAEA-4228-957A-E7677E3DD0B1}.WEB|Any CPU.ActiveCfg = Release|Any CPU
		{9C7D9A58-AAEA-4228-957A-E7677E3DD0B1}.WEB|Any CPU.Build.0 = Release|Any CPU
		{9C7D9A58-AAEA-4228-957A-E7677E3DD0B1}.WEB|Mixed Platforms.ActiveCfg = Release|Any CPU
		{9C7D9A58-AAEA-4228-957A-E7677E3DD0B1}.WEB|Mixed Platforms.Build.0 = Release|Any CPU
		{9C7D9A58-AAEA-4228-957A-E7677E3DD0B1}.WEB|x86.ActiveCfg = Release|Any CPU
		{43BF0513-5469-4DB1-A770-ECA838C731DB}.CLIENT|Any CPU.ActiveCfg = Release|Any CPU
		{43BF0513-5469-4DB1-A770-ECA838C731DB}.CLIENT|Any CPU.Build.0 = Release|Any CPU
		{43BF0513-5469-4DB1-A770-ECA838C731DB}.CLIENT|Mixed Platforms.ActiveCfg = Release|Any CPU
		{43BF0513-5469-4DB1-A770-ECA838C731DB}.CLIENT|Mixed Platforms.Build.0 = Release|Any CPU
		{43BF0513-5469-4DB1-A770-ECA838C731DB}.CLIENT|x86.ActiveCfg = Release|Any CPU
		{43BF0513-5469-4DB1-A770-ECA838C731DB}.Debug|Any CPU.ActiveCfg = Debug|Any CPU
		{43BF0513-5469-4DB1-A770-ECA838C731DB}.Debug|Any CPU.Build.0 = Debug|Any CPU
		{43BF0513-5469-4DB1-A770-ECA838C731DB}.Debug|Mixed Platforms.ActiveCfg = Debug|Any CPU
		{43BF0513-5469-4DB1-A770-ECA838C731DB}.Debug|x86.ActiveCfg = Debug|Any CPU
		{43BF0513-5469-4DB1-A770-ECA838C731DB}.EntryBuilder|Any CPU.ActiveCfg = Release|Any CPU
		{43BF0513-5469-4DB1-A770-ECA838C731DB}.EntryBuilder|Any CPU.Build.0 = Release|Any CPU
		{43BF0513-5469-4DB1-A770-ECA838C731DB}.EntryBuilder|Mixed Platforms.ActiveCfg = Release|Any CPU
		{43BF0513-5469-4DB1-A770-ECA838C731DB}.EntryBuilder|Mixed Platforms.Build.0 = Release|Any CPU
		{43BF0513-5469-4DB1-A770-ECA838C731DB}.EntryBuilder|x86.ActiveCfg = Release|Any CPU
		{43BF0513-5469-4DB1-A770-ECA838C731DB}.Release|Any CPU.ActiveCfg = Release|Any CPU
		{43BF0513-5469-4DB1-A770-ECA838C731DB}.Release|Any CPU.Build.0 = Release|Any CPU
		{43BF0513-5469-4DB1-A770-ECA838C731DB}.Release|Mixed Platforms.ActiveCfg = Release|Any CPU
		{43BF0513-5469-4DB1-A770-ECA838C731DB}.Release|Mixed Platforms.Build.0 = Release|Any CPU
		{43BF0513-5469-4DB1-A770-ECA838C731DB}.Release|x86.ActiveCfg = Release|Any CPU
		{43BF0513-5469-4DB1-A770-ECA838C731DB}.SERVER|Any CPU.ActiveCfg = Release|Any CPU
		{43BF0513-5469-4DB1-A770-ECA838C731DB}.SERVER|Any CPU.Build.0 = Release|Any CPU
		{43BF0513-5469-4DB1-A770-ECA838C731DB}.SERVER|Mixed Platforms.ActiveCfg = Release|Any CPU
		{43BF0513-5469-4DB1-A770-ECA838C731DB}.SERVER|Mixed Platforms.Build.0 = Release|Any CPU
		{43BF0513-5469-4DB1-A770-ECA838C731DB}.SERVER|x86.ActiveCfg = Release|Any CPU
		{43BF0513-5469-4DB1-A770-ECA838C731DB}.WEB|Any CPU.ActiveCfg = Release|Any CPU
		{43BF0513-5469-4DB1-A770-ECA838C731DB}.WEB|Any CPU.Build.0 = Release|Any CPU
		{43BF0513-5469-4DB1-A770-ECA838C731DB}.WEB|Mixed Platforms.ActiveCfg = Release|Any CPU
		{43BF0513-5469-4DB1-A770-ECA838C731DB}.WEB|Mixed Platforms.Build.0 = Release|Any CPU
		{43BF0513-5469-4DB1-A770-ECA838C731DB}.WEB|x86.ActiveCfg = Release|Any CPU
	EndGlobalSection
	GlobalSection(SolutionProperties) = preSolution
		HideSolutionNode = FALSE
	EndGlobalSection
	GlobalSection(NestedProjects) = preSolution
		{88408D4A-1C4C-448F-8FF0-DD7F22BF789B} = {917A9BBD-A0EC-4B62-AE4F-73B931F70E3F}
		{516530FA-7610-4DC9-91A5-B18B05CAFFCC} = {917A9BBD-A0EC-4B62-AE4F-73B931F70E3F}
		{F7196B2E-1FD0-4646-9018-D07335E8E0D4} = {917A9BBD-A0EC-4B62-AE4F-73B931F70E3F}
		{E7FFFC0B-8899-42E5-86D3-98D5498D18D3} = {4A922383-D7B0-4170-ADFB-60A1A44DBACD}
		{20947282-9AAF-4023-BC1E-325D89415391} = {4A922383-D7B0-4170-ADFB-60A1A44DBACD}
		{903D1080-D588-4431-B9D0-5FD636AB3C43} = {364E3A3D-433C-441C-B81B-34AEC45B2E6C}
		{9C7D9A58-AAEA-4228-957A-E7677E3DD0B1} = {903D1080-D588-4431-B9D0-5FD636AB3C43}
		{43BF0513-5469-4DB1-A770-ECA838C731DB} = {903D1080-D588-4431-B9D0-5FD636AB3C43}
	EndGlobalSection
EndGlobal
