
Microsoft Visual Studio Solution File, Format Version 11.00
# Visual Studio 2010
Project("{FAE04EC0-301F-11D3-BF4B-00C04F79EFBC}") = "EntryEngine", "EntryEngine\EntryEngine.csproj", "{424D14E4-1661-42E9-A192-B1C60D4669FF}"
EndProject
Project("{2150E333-8FDC-42A3-9474-1A3956D46DE8}") = "EntryEngine运行时", "EntryEngine运行时", "{22CD9B7F-62F6-4B71-B4B2-1D067B1F7340}"
	ProjectSection(SolutionItems) = preProject
		EntryEngine运行时\运行时.txt = EntryEngine运行时\运行时.txt
	EndProjectSection
EndProject
Project("{FAE04EC0-301F-11D3-BF4B-00C04F79EFBC}") = "Cmdline", "EntryEngine运行时\Cmdline\Cmdline.csproj", "{516530FA-7610-4DC9-91A5-B18B05CAFFCC}"
EndProject
Project("{FAE04EC0-301F-11D3-BF4B-00C04F79EFBC}") = "Unity", "EntryEngine运行时\Unity\Unity.csproj", "{F7196B2E-1FD0-4646-9018-D07335E8E0D4}"
EndProject
Project("{FAE04EC0-301F-11D3-BF4B-00C04F79EFBC}") = "WebGL", "EntryEngine运行时\WebGL\WebGL.csproj", "{43BF0513-5469-4DB1-A770-ECA838C731DB}"
EndProject
Project("{FAE04EC0-301F-11D3-BF4B-00C04F79EFBC}") = "Xna", "EntryEngine运行时\Xna\Xna.csproj", "{88408D4A-1C4C-448F-8FF0-DD7F22BF789B}"
EndProject
Project("{2150E333-8FDC-42A3-9474-1A3956D46DE8}") = "开发语言运行时", "开发语言运行时", "{06B9B93C-9E83-463E-B069-2119D49939F7}"
EndProject
Project("{FAE04EC0-301F-11D3-BF4B-00C04F79EFBC}") = "JavaScript", "EntryEngine运行时\开发语言运行时\JavaScript\JavaScript.csproj", "{9C7D9A58-AAEA-4228-957A-E7677E3DD0B1}"
EndProject
Project("{FAE04EC0-301F-11D3-BF4B-00C04F79EFBC}") = "CSharp", "EntryEngine运行时\开发语言运行时\CSharp\CSharp.csproj", "{A8E47335-AEF9-46F0-ACCF-A53592A3579F}"
EndProject
Project("{2150E333-8FDC-42A3-9474-1A3956D46DE8}") = "EntryEngine插件", "EntryEngine插件", "{79511FFD-B90B-4AD2-985C-D23ACA06B046}"
	ProjectSection(SolutionItems) = preProject
		EntryEngine插件\插件.txt = EntryEngine插件\插件.txt
	EndProjectSection
EndProject
Project("{2150E333-8FDC-42A3-9474-1A3956D46DE8}") = "2D动画", "2D动画", "{27EC43E8-2C2F-4B25-8FB4-BD1DD3447FF0}"
EndProject
Project("{FAE04EC0-301F-11D3-BF4B-00C04F79EFBC}") = "DragonBone", "EntryEngine插件\2D动画\DragonBone\DragonBone.csproj", "{45325383-F04A-4E9D-9EC1-FAC6E151E680}"
EndProject
Project("{FAE04EC0-301F-11D3-BF4B-00C04F79EFBC}") = "Spine", "EntryEngine插件\2D动画\Spine\Spine.csproj", "{20947282-9AAF-4023-BC1E-325D89415391}"
EndProject
Project("{2150E333-8FDC-42A3-9474-1A3956D46DE8}") = "广告", "广告", "{2F39D763-1036-4B59-BB1A-05778D1BAEBC}"
EndProject
Project("{FAE04EC0-301F-11D3-BF4B-00C04F79EFBC}") = "ADBase", "EntryEngine插件\广告\ADBase\ADBase.csproj", "{206162A1-6DA8-4532-9280-C66005060D96}"
EndProject
Project("{FAE04EC0-301F-11D3-BF4B-00C04F79EFBC}") = "www.pangle.cn", "EntryEngine插件\广告\www.pangle.cn\www.pangle.cn.csproj", "{2B097379-CFDE-4A16-869F-3E3729663094}"
EndProject
Project("{2150E333-8FDC-42A3-9474-1A3956D46DE8}") = "EntryEngine开发工具", "EntryEngine开发工具", "{1C535693-644F-4934-B3DA-6F02FEA4FC8C}"
	ProjectSection(SolutionItems) = preProject
		EntryEngine开发工具\开发工具.txt = EntryEngine开发工具\开发工具.txt
	EndProjectSection
EndProject
Project("{FAE04EC0-301F-11D3-BF4B-00C04F79EFBC}") = "EntryBuilder", "EntryEngine开发工具\EntryBuilder\EntryBuilder.csproj", "{E4525844-93A3-472A-AD59-FF99984CF386}"
EndProject
Project("{FAE04EC0-301F-11D3-BF4B-00C04F79EFBC}") = "Ntreev.Library.Psd", "EntryEngine开发工具\Ntreev.Library.Psd\Ntreev.Library.Psd.csproj", "{2F723217-59D2-4680-8DBC-771D2311C280}"
EndProject
Project("{FAE04EC0-301F-11D3-BF4B-00C04F79EFBC}") = "ReflectionHelper", "EntryEngine开发工具\ReflectionHelper\ReflectionHelper.csproj", "{D6E12A5C-CD9D-4671-9BD7-5D3E79CE3543}"
EndProject
Project("{2150E333-8FDC-42A3-9474-1A3956D46DE8}") = "编辑器", "编辑器", "{9BD2A4C1-6539-4D03-A45A-57549F02B4EE}"
EndProject
Project("{FAE04EC0-301F-11D3-BF4B-00C04F79EFBC}") = "EntryEditor", "EntryEngine开发工具\编辑器\EntryEditor\EntryEditor.csproj", "{D894DFC4-0A6B-45DE-9D88-739D4569C056}"
EndProject
Project("{FAE04EC0-301F-11D3-BF4B-00C04F79EFBC}") = "EEPlug-in", "EntryEngine开发工具\编辑器\EEPlug-in\EEPlug-in.csproj", "{65CB1ACB-9F2C-4109-9F15-4CB8E034E539}"
EndProject
Project("{FAE04EC0-301F-11D3-BF4B-00C04F79EFBC}") = "EditorUI", "EntryEngine开发工具\编辑器\EditorUI\EditorUI.csproj", "{FA8B69CA-7BC1-4007-9451-D43878A0E5E5}"
EndProject
Project("{FAE04EC0-301F-11D3-BF4B-00C04F79EFBC}") = "EditorPicture", "EntryEngine开发工具\编辑器\EditorPicture\EditorPicture.csproj", "{D6815DAC-CB36-4DCD-B089-0583A0FD947C}"
EndProject
Project("{FAE04EC0-301F-11D3-BF4B-00C04F79EFBC}") = "EditorParticle", "EntryEngine开发工具\编辑器\EditorParticle\EditorParticle.csproj", "{56BE494E-880C-4647-B97D-EEC5B0A60FF6}"
EndProject
Project("{2150E333-8FDC-42A3-9474-1A3956D46DE8}") = "EntryEngine项目", "EntryEngine项目", "{14F51226-9775-467D-918C-4E7F7EB3882D}"
	ProjectSection(SolutionItems) = preProject
		EntryEngine项目\项目.txt = EntryEngine项目\项目.txt
	EndProjectSection
EndProject
Project("{2150E333-8FDC-42A3-9474-1A3956D46DE8}") = "运维工具", "运维工具", "{65CAD11D-D44D-41E7-9B52-FD0062B180FF}"
EndProject
Project("{FAE04EC0-301F-11D3-BF4B-00C04F79EFBC}") = "LauncherServer", "EntryEngine项目\运维工具\LauncherServer\LauncherServer.csproj", "{12FF1B71-52C1-4C01-8351-6221A4DB9E54}"
EndProject
Project("{FAE04EC0-301F-11D3-BF4B-00C04F79EFBC}") = "LauncherProtocolStructure", "EntryEngine项目\运维工具\LauncherProtocolStructure\LauncherProtocolStructure.csproj", "{E481E6E2-D1FE-4530-8460-4A1E1E589132}"
EndProject
Project("{FAE04EC0-301F-11D3-BF4B-00C04F79EFBC}") = "LauncherProtocol", "EntryEngine项目\运维工具\LauncherProtocol\LauncherProtocol.csproj", "{16000A1F-1E4C-4C26-BEB7-29528027EE68}"
EndProject
Project("{FAE04EC0-301F-11D3-BF4B-00C04F79EFBC}") = "LauncherManagerProtocol", "EntryEngine项目\运维工具\LauncherManagerProtocol\LauncherManagerProtocol.csproj", "{8982BEB9-D6BB-4BE3-83F1-ECC88DCF05A7}"
EndProject
Project("{FAE04EC0-301F-11D3-BF4B-00C04F79EFBC}") = "LauncherManagerEntry", "EntryEngine项目\运维工具\LauncherManagerEntry\LauncherManagerEntry.csproj", "{9E69CFF7-5AB0-4752-AEA2-B61A773E1C3E}"
EndProject
Project("{FAE04EC0-301F-11D3-BF4B-00C04F79EFBC}") = "LauncherManager", "EntryEngine项目\运维工具\LauncherManager\LauncherManager.csproj", "{630A0610-40FD-4F67-8B5C-D603A3C06BE6}"
EndProject
Project("{FAE04EC0-301F-11D3-BF4B-00C04F79EFBC}") = "LauncherClient", "EntryEngine项目\运维工具\LauncherClient\LauncherClient.csproj", "{B2484A9D-2B4E-4459-8751-6CEA2C250F0C}"
EndProject
Global
	GlobalSection(SolutionConfigurationPlatforms) = preSolution
		CLIENT|Any CPU = CLIENT|Any CPU
		CLIENT|Mixed Platforms = CLIENT|Mixed Platforms
		CLIENT|x86 = CLIENT|x86
		Debug|Any CPU = Debug|Any CPU
		Debug|Mixed Platforms = Debug|Mixed Platforms
		Debug|x86 = Debug|x86
		EntryBuilder|Any CPU = EntryBuilder|Any CPU
		EntryBuilder|Mixed Platforms = EntryBuilder|Mixed Platforms
		EntryBuilder|x86 = EntryBuilder|x86
		Release|Any CPU = Release|Any CPU
		Release|Mixed Platforms = Release|Mixed Platforms
		Release|x86 = Release|x86
		SERVER|Any CPU = SERVER|Any CPU
		SERVER|Mixed Platforms = SERVER|Mixed Platforms
		SERVER|x86 = SERVER|x86
		WEB|Any CPU = WEB|Any CPU
		WEB|Mixed Platforms = WEB|Mixed Platforms
		WEB|x86 = WEB|x86
	EndGlobalSection
	GlobalSection(ProjectConfigurationPlatforms) = postSolution
		{424D14E4-1661-42E9-A192-B1C60D4669FF}.CLIENT|Any CPU.ActiveCfg = CLIENT|Any CPU
		{424D14E4-1661-42E9-A192-B1C60D4669FF}.CLIENT|Any CPU.Build.0 = CLIENT|Any CPU
		{424D14E4-1661-42E9-A192-B1C60D4669FF}.CLIENT|Mixed Platforms.ActiveCfg = CLIENT|Any CPU
		{424D14E4-1661-42E9-A192-B1C60D4669FF}.CLIENT|Mixed Platforms.Build.0 = CLIENT|Any CPU
		{424D14E4-1661-42E9-A192-B1C60D4669FF}.CLIENT|x86.ActiveCfg = CLIENT|Any CPU
		{424D14E4-1661-42E9-A192-B1C60D4669FF}.Debug|Any CPU.ActiveCfg = Debug|Any CPU
		{424D14E4-1661-42E9-A192-B1C60D4669FF}.Debug|Any CPU.Build.0 = Debug|Any CPU
		{424D14E4-1661-42E9-A192-B1C60D4669FF}.Debug|Mixed Platforms.ActiveCfg = Debug|Any CPU
		{424D14E4-1661-42E9-A192-B1C60D4669FF}.Debug|Mixed Platforms.Build.0 = Debug|Any CPU
		{424D14E4-1661-42E9-A192-B1C60D4669FF}.Debug|x86.ActiveCfg = Debug|Any CPU
		{424D14E4-1661-42E9-A192-B1C60D4669FF}.EntryBuilder|Any CPU.ActiveCfg = EntryBuilder|Any CPU
		{424D14E4-1661-42E9-A192-B1C60D4669FF}.EntryBuilder|Any CPU.Build.0 = EntryBuilder|Any CPU
		{424D14E4-1661-42E9-A192-B1C60D4669FF}.EntryBuilder|Mixed Platforms.ActiveCfg = EntryBuilder|Any CPU
		{424D14E4-1661-42E9-A192-B1C60D4669FF}.EntryBuilder|Mixed Platforms.Build.0 = EntryBuilder|Any CPU
		{424D14E4-1661-42E9-A192-B1C60D4669FF}.EntryBuilder|x86.ActiveCfg = EntryBuilder|Any CPU
		{424D14E4-1661-42E9-A192-B1C60D4669FF}.Release|Any CPU.ActiveCfg = Release|Any CPU
		{424D14E4-1661-42E9-A192-B1C60D4669FF}.Release|Any CPU.Build.0 = Release|Any CPU
		{424D14E4-1661-42E9-A192-B1C60D4669FF}.Release|Mixed Platforms.ActiveCfg = Release|Any CPU
		{424D14E4-1661-42E9-A192-B1C60D4669FF}.Release|Mixed Platforms.Build.0 = Release|Any CPU
		{424D14E4-1661-42E9-A192-B1C60D4669FF}.Release|x86.ActiveCfg = Release|Any CPU
		{424D14E4-1661-42E9-A192-B1C60D4669FF}.SERVER|Any CPU.ActiveCfg = SERVER|Any CPU
		{424D14E4-1661-42E9-A192-B1C60D4669FF}.SERVER|Any CPU.Build.0 = SERVER|Any CPU
		{424D14E4-1661-42E9-A192-B1C60D4669FF}.SERVER|Mixed Platforms.ActiveCfg = SERVER|Any CPU
		{424D14E4-1661-42E9-A192-B1C60D4669FF}.SERVER|Mixed Platforms.Build.0 = SERVER|Any CPU
		{424D14E4-1661-42E9-A192-B1C60D4669FF}.SERVER|x86.ActiveCfg = SERVER|Any CPU
		{424D14E4-1661-42E9-A192-B1C60D4669FF}.WEB|Any CPU.ActiveCfg = WEB|Any CPU
		{424D14E4-1661-42E9-A192-B1C60D4669FF}.WEB|Any CPU.Build.0 = WEB|Any CPU
		{424D14E4-1661-42E9-A192-B1C60D4669FF}.WEB|Mixed Platforms.ActiveCfg = WEB|Any CPU
		{424D14E4-1661-42E9-A192-B1C60D4669FF}.WEB|Mixed Platforms.Build.0 = WEB|Any CPU
		{424D14E4-1661-42E9-A192-B1C60D4669FF}.WEB|x86.ActiveCfg = WEB|Any CPU
		{516530FA-7610-4DC9-91A5-B18B05CAFFCC}.CLIENT|Any CPU.ActiveCfg = Release|Any CPU
		{516530FA-7610-4DC9-91A5-B18B05CAFFCC}.CLIENT|Any CPU.Build.0 = Release|Any CPU
		{516530FA-7610-4DC9-91A5-B18B05CAFFCC}.CLIENT|Mixed Platforms.ActiveCfg = Release|Any CPU
		{516530FA-7610-4DC9-91A5-B18B05CAFFCC}.CLIENT|Mixed Platforms.Build.0 = Release|Any CPU
		{516530FA-7610-4DC9-91A5-B18B05CAFFCC}.CLIENT|x86.ActiveCfg = Release|Any CPU
		{516530FA-7610-4DC9-91A5-B18B05CAFFCC}.Debug|Any CPU.ActiveCfg = Debug|Any CPU
		{516530FA-7610-4DC9-91A5-B18B05CAFFCC}.Debug|Any CPU.Build.0 = Debug|Any CPU
		{516530FA-7610-4DC9-91A5-B18B05CAFFCC}.Debug|Mixed Platforms.ActiveCfg = Debug|Any CPU
		{516530FA-7610-4DC9-91A5-B18B05CAFFCC}.Debug|x86.ActiveCfg = Debug|Any CPU
		{516530FA-7610-4DC9-91A5-B18B05CAFFCC}.EntryBuilder|Any CPU.ActiveCfg = Release|Any CPU
		{516530FA-7610-4DC9-91A5-B18B05CAFFCC}.EntryBuilder|Any CPU.Build.0 = Release|Any CPU
		{516530FA-7610-4DC9-91A5-B18B05CAFFCC}.EntryBuilder|Mixed Platforms.ActiveCfg = Release|Any CPU
		{516530FA-7610-4DC9-91A5-B18B05CAFFCC}.EntryBuilder|Mixed Platforms.Build.0 = Release|Any CPU
		{516530FA-7610-4DC9-91A5-B18B05CAFFCC}.EntryBuilder|x86.ActiveCfg = Release|Any CPU
		{516530FA-7610-4DC9-91A5-B18B05CAFFCC}.Release|Any CPU.ActiveCfg = Release|Any CPU
		{516530FA-7610-4DC9-91A5-B18B05CAFFCC}.Release|Any CPU.Build.0 = Release|Any CPU
		{516530FA-7610-4DC9-91A5-B18B05CAFFCC}.Release|Mixed Platforms.ActiveCfg = Release|Any CPU
		{516530FA-7610-4DC9-91A5-B18B05CAFFCC}.Release|Mixed Platforms.Build.0 = Release|Any CPU
		{516530FA-7610-4DC9-91A5-B18B05CAFFCC}.Release|x86.ActiveCfg = Release|Any CPU
		{516530FA-7610-4DC9-91A5-B18B05CAFFCC}.SERVER|Any CPU.ActiveCfg = Release|Any CPU
		{516530FA-7610-4DC9-91A5-B18B05CAFFCC}.SERVER|Any CPU.Build.0 = Release|Any CPU
		{516530FA-7610-4DC9-91A5-B18B05CAFFCC}.SERVER|Mixed Platforms.ActiveCfg = Release|Any CPU
		{516530FA-7610-4DC9-91A5-B18B05CAFFCC}.SERVER|Mixed Platforms.Build.0 = Release|Any CPU
		{516530FA-7610-4DC9-91A5-B18B05CAFFCC}.SERVER|x86.ActiveCfg = Release|Any CPU
		{516530FA-7610-4DC9-91A5-B18B05CAFFCC}.WEB|Any CPU.ActiveCfg = Release|Any CPU
		{516530FA-7610-4DC9-91A5-B18B05CAFFCC}.WEB|Any CPU.Build.0 = Release|Any CPU
		{516530FA-7610-4DC9-91A5-B18B05CAFFCC}.WEB|Mixed Platforms.ActiveCfg = Release|Any CPU
		{516530FA-7610-4DC9-91A5-B18B05CAFFCC}.WEB|Mixed Platforms.Build.0 = Release|Any CPU
		{516530FA-7610-4DC9-91A5-B18B05CAFFCC}.WEB|x86.ActiveCfg = Release|Any CPU
		{F7196B2E-1FD0-4646-9018-D07335E8E0D4}.CLIENT|Any CPU.ActiveCfg = CLIENT|Any CPU
		{F7196B2E-1FD0-4646-9018-D07335E8E0D4}.CLIENT|Any CPU.Build.0 = CLIENT|Any CPU
		{F7196B2E-1FD0-4646-9018-D07335E8E0D4}.CLIENT|Mixed Platforms.ActiveCfg = CLIENT|Any CPU
		{F7196B2E-1FD0-4646-9018-D07335E8E0D4}.CLIENT|Mixed Platforms.Build.0 = CLIENT|Any CPU
		{F7196B2E-1FD0-4646-9018-D07335E8E0D4}.CLIENT|x86.ActiveCfg = CLIENT|Any CPU
		{F7196B2E-1FD0-4646-9018-D07335E8E0D4}.Debug|Any CPU.ActiveCfg = Debug|Any CPU
		{F7196B2E-1FD0-4646-9018-D07335E8E0D4}.Debug|Any CPU.Build.0 = Debug|Any CPU
		{F7196B2E-1FD0-4646-9018-D07335E8E0D4}.Debug|Mixed Platforms.ActiveCfg = Debug|Any CPU
		{F7196B2E-1FD0-4646-9018-D07335E8E0D4}.Debug|x86.ActiveCfg = Debug|Any CPU
		{F7196B2E-1FD0-4646-9018-D07335E8E0D4}.EntryBuilder|Any CPU.ActiveCfg = EntryBuilder|Any CPU
		{F7196B2E-1FD0-4646-9018-D07335E8E0D4}.EntryBuilder|Any CPU.Build.0 = EntryBuilder|Any CPU
		{F7196B2E-1FD0-4646-9018-D07335E8E0D4}.EntryBuilder|Mixed Platforms.ActiveCfg = EntryBuilder|Any CPU
		{F7196B2E-1FD0-4646-9018-D07335E8E0D4}.EntryBuilder|Mixed Platforms.Build.0 = EntryBuilder|Any CPU
		{F7196B2E-1FD0-4646-9018-D07335E8E0D4}.EntryBuilder|x86.ActiveCfg = EntryBuilder|Any CPU
		{F7196B2E-1FD0-4646-9018-D07335E8E0D4}.Release|Any CPU.ActiveCfg = Release|Any CPU
		{F7196B2E-1FD0-4646-9018-D07335E8E0D4}.Release|Any CPU.Build.0 = Release|Any CPU
		{F7196B2E-1FD0-4646-9018-D07335E8E0D4}.Release|Mixed Platforms.ActiveCfg = Release|Any CPU
		{F7196B2E-1FD0-4646-9018-D07335E8E0D4}.Release|Mixed Platforms.Build.0 = Release|Any CPU
		{F7196B2E-1FD0-4646-9018-D07335E8E0D4}.Release|x86.ActiveCfg = Release|Any CPU
		{F7196B2E-1FD0-4646-9018-D07335E8E0D4}.SERVER|Any CPU.ActiveCfg = SERVER|Any CPU
		{F7196B2E-1FD0-4646-9018-D07335E8E0D4}.SERVER|Any CPU.Build.0 = SERVER|Any CPU
		{F7196B2E-1FD0-4646-9018-D07335E8E0D4}.SERVER|Mixed Platforms.ActiveCfg = SERVER|Any CPU
		{F7196B2E-1FD0-4646-9018-D07335E8E0D4}.SERVER|Mixed Platforms.Build.0 = SERVER|Any CPU
		{F7196B2E-1FD0-4646-9018-D07335E8E0D4}.SERVER|x86.ActiveCfg = SERVER|Any CPU
		{F7196B2E-1FD0-4646-9018-D07335E8E0D4}.WEB|Any CPU.ActiveCfg = WEB|Any CPU
		{F7196B2E-1FD0-4646-9018-D07335E8E0D4}.WEB|Any CPU.Build.0 = WEB|Any CPU
		{F7196B2E-1FD0-4646-9018-D07335E8E0D4}.WEB|Mixed Platforms.ActiveCfg = WEB|Any CPU
		{F7196B2E-1FD0-4646-9018-D07335E8E0D4}.WEB|Mixed Platforms.Build.0 = WEB|Any CPU
		{F7196B2E-1FD0-4646-9018-D07335E8E0D4}.WEB|x86.ActiveCfg = WEB|Any CPU
		{43BF0513-5469-4DB1-A770-ECA838C731DB}.CLIENT|Any CPU.ActiveCfg = Release|Any CPU
		{43BF0513-5469-4DB1-A770-ECA838C731DB}.CLIENT|Any CPU.Build.0 = Release|Any CPU
		{43BF0513-5469-4DB1-A770-ECA838C731DB}.CLIENT|Mixed Platforms.ActiveCfg = Release|Any CPU
		{43BF0513-5469-4DB1-A770-ECA838C731DB}.CLIENT|Mixed Platforms.Build.0 = Release|Any CPU
		{43BF0513-5469-4DB1-A770-ECA838C731DB}.CLIENT|x86.ActiveCfg = Release|Any CPU
		{43BF0513-5469-4DB1-A770-ECA838C731DB}.Debug|Any CPU.ActiveCfg = Debug|Any CPU
		{43BF0513-5469-4DB1-A770-ECA838C731DB}.Debug|Any CPU.Build.0 = Debug|Any CPU
		{43BF0513-5469-4DB1-A770-ECA838C731DB}.Debug|Mixed Platforms.ActiveCfg = Debug|Any CPU
		{43BF0513-5469-4DB1-A770-ECA838C731DB}.Debug|x86.ActiveCfg = Debug|Any CPU
		{43BF0513-5469-4DB1-A770-ECA838C731DB}.EntryBuilder|Any CPU.ActiveCfg = Release|Any CPU
		{43BF0513-5469-4DB1-A770-ECA838C731DB}.EntryBuilder|Any CPU.Build.0 = Release|Any CPU
		{43BF0513-5469-4DB1-A770-ECA838C731DB}.EntryBuilder|Mixed Platforms.ActiveCfg = Release|Any CPU
		{43BF0513-5469-4DB1-A770-ECA838C731DB}.EntryBuilder|Mixed Platforms.Build.0 = Release|Any CPU
		{43BF0513-5469-4DB1-A770-ECA838C731DB}.EntryBuilder|x86.ActiveCfg = Release|Any CPU
		{43BF0513-5469-4DB1-A770-ECA838C731DB}.Release|Any CPU.ActiveCfg = Release|Any CPU
		{43BF0513-5469-4DB1-A770-ECA838C731DB}.Release|Any CPU.Build.0 = Release|Any CPU
		{43BF0513-5469-4DB1-A770-ECA838C731DB}.Release|Mixed Platforms.ActiveCfg = Release|Any CPU
		{43BF0513-5469-4DB1-A770-ECA838C731DB}.Release|Mixed Platforms.Build.0 = Release|Any CPU
		{43BF0513-5469-4DB1-A770-ECA838C731DB}.Release|x86.ActiveCfg = Release|Any CPU
		{43BF0513-5469-4DB1-A770-ECA838C731DB}.SERVER|Any CPU.ActiveCfg = Release|Any CPU
		{43BF0513-5469-4DB1-A770-ECA838C731DB}.SERVER|Any CPU.Build.0 = Release|Any CPU
		{43BF0513-5469-4DB1-A770-ECA838C731DB}.SERVER|Mixed Platforms.ActiveCfg = Release|Any CPU
		{43BF0513-5469-4DB1-A770-ECA838C731DB}.SERVER|Mixed Platforms.Build.0 = Release|Any CPU
		{43BF0513-5469-4DB1-A770-ECA838C731DB}.SERVER|x86.ActiveCfg = Release|Any CPU
		{43BF0513-5469-4DB1-A770-ECA838C731DB}.WEB|Any CPU.ActiveCfg = Release|Any CPU
		{43BF0513-5469-4DB1-A770-ECA838C731DB}.WEB|Any CPU.Build.0 = Release|Any CPU
		{43BF0513-5469-4DB1-A770-ECA838C731DB}.WEB|Mixed Platforms.ActiveCfg = Release|Any CPU
		{43BF0513-5469-4DB1-A770-ECA838C731DB}.WEB|Mixed Platforms.Build.0 = Release|Any CPU
		{43BF0513-5469-4DB1-A770-ECA838C731DB}.WEB|x86.ActiveCfg = Release|Any CPU
		{88408D4A-1C4C-448F-8FF0-DD7F22BF789B}.CLIENT|Any CPU.ActiveCfg = CLIENT|Any CPU
		{88408D4A-1C4C-448F-8FF0-DD7F22BF789B}.CLIENT|Any CPU.Build.0 = CLIENT|Any CPU
		{88408D4A-1C4C-448F-8FF0-DD7F22BF789B}.CLIENT|Mixed Platforms.ActiveCfg = CLIENT|Any CPU
		{88408D4A-1C4C-448F-8FF0-DD7F22BF789B}.CLIENT|Mixed Platforms.Build.0 = CLIENT|Any CPU
		{88408D4A-1C4C-448F-8FF0-DD7F22BF789B}.CLIENT|x86.ActiveCfg = CLIENT|Any CPU
		{88408D4A-1C4C-448F-8FF0-DD7F22BF789B}.Debug|Any CPU.ActiveCfg = Debug|Any CPU
		{88408D4A-1C4C-448F-8FF0-DD7F22BF789B}.Debug|Any CPU.Build.0 = Debug|Any CPU
		{88408D4A-1C4C-448F-8FF0-DD7F22BF789B}.Debug|Mixed Platforms.ActiveCfg = Debug|Any CPU
		{88408D4A-1C4C-448F-8FF0-DD7F22BF789B}.Debug|x86.ActiveCfg = Debug|Any CPU
		{88408D4A-1C4C-448F-8FF0-DD7F22BF789B}.EntryBuilder|Any CPU.ActiveCfg = EntryBuilder|Any CPU
		{88408D4A-1C4C-448F-8FF0-DD7F22BF789B}.EntryBuilder|Any CPU.Build.0 = EntryBuilder|Any CPU
		{88408D4A-1C4C-448F-8FF0-DD7F22BF789B}.EntryBuilder|Mixed Platforms.ActiveCfg = EntryBuilder|Any CPU
		{88408D4A-1C4C-448F-8FF0-DD7F22BF789B}.EntryBuilder|Mixed Platforms.Build.0 = EntryBuilder|Any CPU
		{88408D4A-1C4C-448F-8FF0-DD7F22BF789B}.EntryBuilder|x86.ActiveCfg = EntryBuilder|Any CPU
		{88408D4A-1C4C-448F-8FF0-DD7F22BF789B}.Release|Any CPU.ActiveCfg = Release|Any CPU
		{88408D4A-1C4C-448F-8FF0-DD7F22BF789B}.Release|Any CPU.Build.0 = Release|Any CPU
		{88408D4A-1C4C-448F-8FF0-DD7F22BF789B}.Release|Mixed Platforms.ActiveCfg = Release|Any CPU
		{88408D4A-1C4C-448F-8FF0-DD7F22BF789B}.Release|Mixed Platforms.Build.0 = Release|Any CPU
		{88408D4A-1C4C-448F-8FF0-DD7F22BF789B}.Release|x86.ActiveCfg = Release|Any CPU
		{88408D4A-1C4C-448F-8FF0-DD7F22BF789B}.SERVER|Any CPU.ActiveCfg = SERVER|Any CPU
		{88408D4A-1C4C-448F-8FF0-DD7F22BF789B}.SERVER|Any CPU.Build.0 = SERVER|Any CPU
		{88408D4A-1C4C-448F-8FF0-DD7F22BF789B}.SERVER|Mixed Platforms.ActiveCfg = SERVER|Any CPU
		{88408D4A-1C4C-448F-8FF0-DD7F22BF789B}.SERVER|Mixed Platforms.Build.0 = SERVER|Any CPU
		{88408D4A-1C4C-448F-8FF0-DD7F22BF789B}.SERVER|x86.ActiveCfg = SERVER|Any CPU
		{88408D4A-1C4C-448F-8FF0-DD7F22BF789B}.WEB|Any CPU.ActiveCfg = WEB|Any CPU
		{88408D4A-1C4C-448F-8FF0-DD7F22BF789B}.WEB|Any CPU.Build.0 = WEB|Any CPU
		{88408D4A-1C4C-448F-8FF0-DD7F22BF789B}.WEB|Mixed Platforms.ActiveCfg = WEB|Any CPU
		{88408D4A-1C4C-448F-8FF0-DD7F22BF789B}.WEB|Mixed Platforms.Build.0 = WEB|Any CPU
		{88408D4A-1C4C-448F-8FF0-DD7F22BF789B}.WEB|x86.ActiveCfg = WEB|Any CPU
		{9C7D9A58-AAEA-4228-957A-E7677E3DD0B1}.CLIENT|Any CPU.ActiveCfg = Release|Any CPU
		{9C7D9A58-AAEA-4228-957A-E7677E3DD0B1}.CLIENT|Any CPU.Build.0 = Release|Any CPU
		{9C7D9A58-AAEA-4228-957A-E7677E3DD0B1}.CLIENT|Mixed Platforms.ActiveCfg = Release|Any CPU
		{9C7D9A58-AAEA-4228-957A-E7677E3DD0B1}.CLIENT|Mixed Platforms.Build.0 = Release|Any CPU
		{9C7D9A58-AAEA-4228-957A-E7677E3DD0B1}.CLIENT|x86.ActiveCfg = Release|Any CPU
		{9C7D9A58-AAEA-4228-957A-E7677E3DD0B1}.Debug|Any CPU.ActiveCfg = Debug|Any CPU
		{9C7D9A58-AAEA-4228-957A-E7677E3DD0B1}.Debug|Any CPU.Build.0 = Debug|Any CPU
		{9C7D9A58-AAEA-4228-957A-E7677E3DD0B1}.Debug|Mixed Platforms.ActiveCfg = Debug|Any CPU
		{9C7D9A58-AAEA-4228-957A-E7677E3DD0B1}.Debug|x86.ActiveCfg = Debug|Any CPU
		{9C7D9A58-AAEA-4228-957A-E7677E3DD0B1}.EntryBuilder|Any CPU.ActiveCfg = Release|Any CPU
		{9C7D9A58-AAEA-4228-957A-E7677E3DD0B1}.EntryBuilder|Any CPU.Build.0 = Release|Any CPU
		{9C7D9A58-AAEA-4228-957A-E7677E3DD0B1}.EntryBuilder|Mixed Platforms.ActiveCfg = Release|Any CPU
		{9C7D9A58-AAEA-4228-957A-E7677E3DD0B1}.EntryBuilder|Mixed Platforms.Build.0 = Release|Any CPU
		{9C7D9A58-AAEA-4228-957A-E7677E3DD0B1}.EntryBuilder|x86.ActiveCfg = Release|Any CPU
		{9C7D9A58-AAEA-4228-957A-E7677E3DD0B1}.Release|Any CPU.ActiveCfg = Release|Any CPU
		{9C7D9A58-AAEA-4228-957A-E7677E3DD0B1}.Release|Any CPU.Build.0 = Release|Any CPU
		{9C7D9A58-AAEA-4228-957A-E7677E3DD0B1}.Release|Mixed Platforms.ActiveCfg = Release|Any CPU
		{9C7D9A58-AAEA-4228-957A-E7677E3DD0B1}.Release|Mixed Platforms.Build.0 = Release|Any CPU
		{9C7D9A58-AAEA-4228-957A-E7677E3DD0B1}.Release|x86.ActiveCfg = Release|Any CPU
		{9C7D9A58-AAEA-4228-957A-E7677E3DD0B1}.SERVER|Any CPU.ActiveCfg = Release|Any CPU
		{9C7D9A58-AAEA-4228-957A-E7677E3DD0B1}.SERVER|Any CPU.Build.0 = Release|Any CPU
		{9C7D9A58-AAEA-4228-957A-E7677E3DD0B1}.SERVER|Mixed Platforms.ActiveCfg = Release|Any CPU
		{9C7D9A58-AAEA-4228-957A-E7677E3DD0B1}.SERVER|Mixed Platforms.Build.0 = Release|Any CPU
		{9C7D9A58-AAEA-4228-957A-E7677E3DD0B1}.SERVER|x86.ActiveCfg = Release|Any CPU
		{9C7D9A58-AAEA-4228-957A-E7677E3DD0B1}.WEB|Any CPU.ActiveCfg = Release|Any CPU
		{9C7D9A58-AAEA-4228-957A-E7677E3DD0B1}.WEB|Any CPU.Build.0 = Release|Any CPU
		{9C7D9A58-AAEA-4228-957A-E7677E3DD0B1}.WEB|Mixed Platforms.ActiveCfg = Release|Any CPU
		{9C7D9A58-AAEA-4228-957A-E7677E3DD0B1}.WEB|Mixed Platforms.Build.0 = Release|Any CPU
		{9C7D9A58-AAEA-4228-957A-E7677E3DD0B1}.WEB|x86.ActiveCfg = Release|Any CPU
		{A8E47335-AEF9-46F0-ACCF-A53592A3579F}.CLIENT|Any CPU.ActiveCfg = Release|Any CPU
		{A8E47335-AEF9-46F0-ACCF-A53592A3579F}.CLIENT|Any CPU.Build.0 = Release|Any CPU
		{A8E47335-AEF9-46F0-ACCF-A53592A3579F}.CLIENT|Mixed Platforms.ActiveCfg = Release|Any CPU
		{A8E47335-AEF9-46F0-ACCF-A53592A3579F}.CLIENT|Mixed Platforms.Build.0 = Release|Any CPU
		{A8E47335-AEF9-46F0-ACCF-A53592A3579F}.CLIENT|x86.ActiveCfg = Release|Any CPU
		{A8E47335-AEF9-46F0-ACCF-A53592A3579F}.Debug|Any CPU.ActiveCfg = Debug|Any CPU
		{A8E47335-AEF9-46F0-ACCF-A53592A3579F}.Debug|Any CPU.Build.0 = Debug|Any CPU
		{A8E47335-AEF9-46F0-ACCF-A53592A3579F}.Debug|Mixed Platforms.ActiveCfg = Debug|Any CPU
		{A8E47335-AEF9-46F0-ACCF-A53592A3579F}.Debug|x86.ActiveCfg = Debug|Any CPU
		{A8E47335-AEF9-46F0-ACCF-A53592A3579F}.EntryBuilder|Any CPU.ActiveCfg = Release|Any CPU
		{A8E47335-AEF9-46F0-ACCF-A53592A3579F}.EntryBuilder|Any CPU.Build.0 = Release|Any CPU
		{A8E47335-AEF9-46F0-ACCF-A53592A3579F}.EntryBuilder|Mixed Platforms.ActiveCfg = Release|Any CPU
		{A8E47335-AEF9-46F0-ACCF-A53592A3579F}.EntryBuilder|Mixed Platforms.Build.0 = Release|Any CPU
		{A8E47335-AEF9-46F0-ACCF-A53592A3579F}.EntryBuilder|x86.ActiveCfg = Release|Any CPU
		{A8E47335-AEF9-46F0-ACCF-A53592A3579F}.Release|Any CPU.ActiveCfg = Release|Any CPU
		{A8E47335-AEF9-46F0-ACCF-A53592A3579F}.Release|Any CPU.Build.0 = Release|Any CPU
		{A8E47335-AEF9-46F0-ACCF-A53592A3579F}.Release|Mixed Platforms.ActiveCfg = Release|Any CPU
		{A8E47335-AEF9-46F0-ACCF-A53592A3579F}.Release|Mixed Platforms.Build.0 = Release|Any CPU
		{A8E47335-AEF9-46F0-ACCF-A53592A3579F}.Release|x86.ActiveCfg = Release|Any CPU
		{A8E47335-AEF9-46F0-ACCF-A53592A3579F}.SERVER|Any CPU.ActiveCfg = Release|Any CPU
		{A8E47335-AEF9-46F0-ACCF-A53592A3579F}.SERVER|Any CPU.Build.0 = Release|Any CPU
		{A8E47335-AEF9-46F0-ACCF-A53592A3579F}.SERVER|Mixed Platforms.ActiveCfg = Release|Any CPU
		{A8E47335-AEF9-46F0-ACCF-A53592A3579F}.SERVER|Mixed Platforms.Build.0 = Release|Any CPU
		{A8E47335-AEF9-46F0-ACCF-A53592A3579F}.SERVER|x86.ActiveCfg = Release|Any CPU
		{A8E47335-AEF9-46F0-ACCF-A53592A3579F}.WEB|Any CPU.ActiveCfg = Release|Any CPU
		{A8E47335-AEF9-46F0-ACCF-A53592A3579F}.WEB|Any CPU.Build.0 = Release|Any CPU
		{A8E47335-AEF9-46F0-ACCF-A53592A3579F}.WEB|Mixed Platforms.ActiveCfg = Release|Any CPU
		{A8E47335-AEF9-46F0-ACCF-A53592A3579F}.WEB|Mixed Platforms.Build.0 = Release|Any CPU
		{A8E47335-AEF9-46F0-ACCF-A53592A3579F}.WEB|x86.ActiveCfg = Release|Any CPU
		{45325383-F04A-4E9D-9EC1-FAC6E151E680}.CLIENT|Any CPU.ActiveCfg = Release|Any CPU
		{45325383-F04A-4E9D-9EC1-FAC6E151E680}.CLIENT|Any CPU.Build.0 = Release|Any CPU
		{45325383-F04A-4E9D-9EC1-FAC6E151E680}.CLIENT|Mixed Platforms.ActiveCfg = Release|Any CPU
		{45325383-F04A-4E9D-9EC1-FAC6E151E680}.CLIENT|Mixed Platforms.Build.0 = Release|Any CPU
		{45325383-F04A-4E9D-9EC1-FAC6E151E680}.CLIENT|x86.ActiveCfg = Release|Any CPU
		{45325383-F04A-4E9D-9EC1-FAC6E151E680}.Debug|Any CPU.ActiveCfg = Debug|Any CPU
		{45325383-F04A-4E9D-9EC1-FAC6E151E680}.Debug|Any CPU.Build.0 = Debug|Any CPU
		{45325383-F04A-4E9D-9EC1-FAC6E151E680}.Debug|Mixed Platforms.ActiveCfg = Debug|Any CPU
		{45325383-F04A-4E9D-9EC1-FAC6E151E680}.Debug|x86.ActiveCfg = Debug|Any CPU
		{45325383-F04A-4E9D-9EC1-FAC6E151E680}.EntryBuilder|Any CPU.ActiveCfg = Release|Any CPU
		{45325383-F04A-4E9D-9EC1-FAC6E151E680}.EntryBuilder|Any CPU.Build.0 = Release|Any CPU
		{45325383-F04A-4E9D-9EC1-FAC6E151E680}.EntryBuilder|Mixed Platforms.ActiveCfg = Release|Any CPU
		{45325383-F04A-4E9D-9EC1-FAC6E151E680}.EntryBuilder|Mixed Platforms.Build.0 = Release|Any CPU
		{45325383-F04A-4E9D-9EC1-FAC6E151E680}.EntryBuilder|x86.ActiveCfg = Release|Any CPU
		{45325383-F04A-4E9D-9EC1-FAC6E151E680}.Release|Any CPU.ActiveCfg = Release|Any CPU
		{45325383-F04A-4E9D-9EC1-FAC6E151E680}.Release|Any CPU.Build.0 = Release|Any CPU
		{45325383-F04A-4E9D-9EC1-FAC6E151E680}.Release|Mixed Platforms.ActiveCfg = Release|Any CPU
		{45325383-F04A-4E9D-9EC1-FAC6E151E680}.Release|Mixed Platforms.Build.0 = Release|Any CPU
		{45325383-F04A-4E9D-9EC1-FAC6E151E680}.Release|x86.ActiveCfg = Release|Any CPU
		{45325383-F04A-4E9D-9EC1-FAC6E151E680}.SERVER|Any CPU.ActiveCfg = Release|Any CPU
		{45325383-F04A-4E9D-9EC1-FAC6E151E680}.SERVER|Any CPU.Build.0 = Release|Any CPU
		{45325383-F04A-4E9D-9EC1-FAC6E151E680}.SERVER|Mixed Platforms.ActiveCfg = Release|Any CPU
		{45325383-F04A-4E9D-9EC1-FAC6E151E680}.SERVER|Mixed Platforms.Build.0 = Release|Any CPU
		{45325383-F04A-4E9D-9EC1-FAC6E151E680}.SERVER|x86.ActiveCfg = Release|Any CPU
		{45325383-F04A-4E9D-9EC1-FAC6E151E680}.WEB|Any CPU.ActiveCfg = Release|Any CPU
		{45325383-F04A-4E9D-9EC1-FAC6E151E680}.WEB|Any CPU.Build.0 = Release|Any CPU
		{45325383-F04A-4E9D-9EC1-FAC6E151E680}.WEB|Mixed Platforms.ActiveCfg = Release|Any CPU
		{45325383-F04A-4E9D-9EC1-FAC6E151E680}.WEB|Mixed Platforms.Build.0 = Release|Any CPU
		{45325383-F04A-4E9D-9EC1-FAC6E151E680}.WEB|x86.ActiveCfg = Release|Any CPU
		{20947282-9AAF-4023-BC1E-325D89415391}.CLIENT|Any CPU.ActiveCfg = Release|Any CPU
		{20947282-9AAF-4023-BC1E-325D89415391}.CLIENT|Any CPU.Build.0 = Release|Any CPU
		{20947282-9AAF-4023-BC1E-325D89415391}.CLIENT|Mixed Platforms.ActiveCfg = Release|Any CPU
		{20947282-9AAF-4023-BC1E-325D89415391}.CLIENT|Mixed Platforms.Build.0 = Release|Any CPU
		{20947282-9AAF-4023-BC1E-325D89415391}.CLIENT|x86.ActiveCfg = Release|Any CPU
		{20947282-9AAF-4023-BC1E-325D89415391}.Debug|Any CPU.ActiveCfg = Debug|Any CPU
		{20947282-9AAF-4023-BC1E-325D89415391}.Debug|Any CPU.Build.0 = Debug|Any CPU
		{20947282-9AAF-4023-BC1E-325D89415391}.Debug|Mixed Platforms.ActiveCfg = Debug|Any CPU
		{20947282-9AAF-4023-BC1E-325D89415391}.Debug|x86.ActiveCfg = Debug|Any CPU
		{20947282-9AAF-4023-BC1E-325D89415391}.EntryBuilder|Any CPU.ActiveCfg = Release|Any CPU
		{20947282-9AAF-4023-BC1E-325D89415391}.EntryBuilder|Any CPU.Build.0 = Release|Any CPU
		{20947282-9AAF-4023-BC1E-325D89415391}.EntryBuilder|Mixed Platforms.ActiveCfg = Release|Any CPU
		{20947282-9AAF-4023-BC1E-325D89415391}.EntryBuilder|Mixed Platforms.Build.0 = Release|Any CPU
		{20947282-9AAF-4023-BC1E-325D89415391}.EntryBuilder|x86.ActiveCfg = Release|Any CPU
		{20947282-9AAF-4023-BC1E-325D89415391}.Release|Any CPU.ActiveCfg = Release|Any CPU
		{20947282-9AAF-4023-BC1E-325D89415391}.Release|Any CPU.Build.0 = Release|Any CPU
		{20947282-9AAF-4023-BC1E-325D89415391}.Release|Mixed Platforms.ActiveCfg = Release|Any CPU
		{20947282-9AAF-4023-BC1E-325D89415391}.Release|Mixed Platforms.Build.0 = Release|Any CPU
		{20947282-9AAF-4023-BC1E-325D89415391}.Release|x86.ActiveCfg = Release|Any CPU
		{20947282-9AAF-4023-BC1E-325D89415391}.SERVER|Any CPU.ActiveCfg = Release|Any CPU
		{20947282-9AAF-4023-BC1E-325D89415391}.SERVER|Any CPU.Build.0 = Release|Any CPU
		{20947282-9AAF-4023-BC1E-325D89415391}.SERVER|Mixed Platforms.ActiveCfg = Release|Any CPU
		{20947282-9AAF-4023-BC1E-325D89415391}.SERVER|Mixed Platforms.Build.0 = Release|Any CPU
		{20947282-9AAF-4023-BC1E-325D89415391}.SERVER|x86.ActiveCfg = Release|Any CPU
		{20947282-9AAF-4023-BC1E-325D89415391}.WEB|Any CPU.ActiveCfg = Release|Any CPU
		{20947282-9AAF-4023-BC1E-325D89415391}.WEB|Any CPU.Build.0 = Release|Any CPU
		{20947282-9AAF-4023-BC1E-325D89415391}.WEB|Mixed Platforms.ActiveCfg = Release|Any CPU
		{20947282-9AAF-4023-BC1E-325D89415391}.WEB|Mixed Platforms.Build.0 = Release|Any CPU
		{20947282-9AAF-4023-BC1E-325D89415391}.WEB|x86.ActiveCfg = Release|Any CPU
		{206162A1-6DA8-4532-9280-C66005060D96}.CLIENT|Any CPU.ActiveCfg = Release|Any CPU
		{206162A1-6DA8-4532-9280-C66005060D96}.CLIENT|Any CPU.Build.0 = Release|Any CPU
		{206162A1-6DA8-4532-9280-C66005060D96}.CLIENT|Mixed Platforms.ActiveCfg = Release|Any CPU
		{206162A1-6DA8-4532-9280-C66005060D96}.CLIENT|Mixed Platforms.Build.0 = Release|Any CPU
		{206162A1-6DA8-4532-9280-C66005060D96}.CLIENT|x86.ActiveCfg = Release|Any CPU
		{206162A1-6DA8-4532-9280-C66005060D96}.Debug|Any CPU.ActiveCfg = Debug|Any CPU
		{206162A1-6DA8-4532-9280-C66005060D96}.Debug|Any CPU.Build.0 = Debug|Any CPU
		{206162A1-6DA8-4532-9280-C66005060D96}.Debug|Mixed Platforms.ActiveCfg = Debug|Any CPU
		{206162A1-6DA8-4532-9280-C66005060D96}.Debug|x86.ActiveCfg = Debug|Any CPU
		{206162A1-6DA8-4532-9280-C66005060D96}.EntryBuilder|Any CPU.ActiveCfg = Release|Any CPU
		{206162A1-6DA8-4532-9280-C66005060D96}.EntryBuilder|Any CPU.Build.0 = Release|Any CPU
		{206162A1-6DA8-4532-9280-C66005060D96}.EntryBuilder|Mixed Platforms.ActiveCfg = Release|Any CPU
		{206162A1-6DA8-4532-9280-C66005060D96}.EntryBuilder|Mixed Platforms.Build.0 = Release|Any CPU
		{206162A1-6DA8-4532-9280-C66005060D96}.EntryBuilder|x86.ActiveCfg = Release|Any CPU
		{206162A1-6DA8-4532-9280-C66005060D96}.Release|Any CPU.ActiveCfg = Release|Any CPU
		{206162A1-6DA8-4532-9280-C66005060D96}.Release|Any CPU.Build.0 = Release|Any CPU
		{206162A1-6DA8-4532-9280-C66005060D96}.Release|Mixed Platforms.ActiveCfg = Release|Any CPU
		{206162A1-6DA8-4532-9280-C66005060D96}.Release|Mixed Platforms.Build.0 = Release|Any CPU
		{206162A1-6DA8-4532-9280-C66005060D96}.Release|x86.ActiveCfg = Release|Any CPU
		{206162A1-6DA8-4532-9280-C66005060D96}.SERVER|Any CPU.ActiveCfg = Release|Any CPU
		{206162A1-6DA8-4532-9280-C66005060D96}.SERVER|Any CPU.Build.0 = Release|Any CPU
		{206162A1-6DA8-4532-9280-C66005060D96}.SERVER|Mixed Platforms.ActiveCfg = Release|Any CPU
		{206162A1-6DA8-4532-9280-C66005060D96}.SERVER|Mixed Platforms.Build.0 = Release|Any CPU
		{206162A1-6DA8-4532-9280-C66005060D96}.SERVER|x86.ActiveCfg = Release|Any CPU
		{206162A1-6DA8-4532-9280-C66005060D96}.WEB|Any CPU.ActiveCfg = Release|Any CPU
		{206162A1-6DA8-4532-9280-C66005060D96}.WEB|Any CPU.Build.0 = Release|Any CPU
		{206162A1-6DA8-4532-9280-C66005060D96}.WEB|Mixed Platforms.ActiveCfg = Release|Any CPU
		{206162A1-6DA8-4532-9280-C66005060D96}.WEB|Mixed Platforms.Build.0 = Release|Any CPU
		{206162A1-6DA8-4532-9280-C66005060D96}.WEB|x86.ActiveCfg = Release|Any CPU
		{2B097379-CFDE-4A16-869F-3E3729663094}.CLIENT|Any CPU.ActiveCfg = Release|Any CPU
		{2B097379-CFDE-4A16-869F-3E3729663094}.CLIENT|Any CPU.Build.0 = Release|Any CPU
		{2B097379-CFDE-4A16-869F-3E3729663094}.CLIENT|Mixed Platforms.ActiveCfg = Release|Any CPU
		{2B097379-CFDE-4A16-869F-3E3729663094}.CLIENT|Mixed Platforms.Build.0 = Release|Any CPU
		{2B097379-CFDE-4A16-869F-3E3729663094}.CLIENT|x86.ActiveCfg = Release|Any CPU
		{2B097379-CFDE-4A16-869F-3E3729663094}.Debug|Any CPU.ActiveCfg = Debug|Any CPU
		{2B097379-CFDE-4A16-869F-3E3729663094}.Debug|Any CPU.Build.0 = Debug|Any CPU
		{2B097379-CFDE-4A16-869F-3E3729663094}.Debug|Mixed Platforms.ActiveCfg = Debug|Any CPU
		{2B097379-CFDE-4A16-869F-3E3729663094}.Debug|x86.ActiveCfg = Debug|Any CPU
		{2B097379-CFDE-4A16-869F-3E3729663094}.EntryBuilder|Any CPU.ActiveCfg = Release|Any CPU
		{2B097379-CFDE-4A16-869F-3E3729663094}.EntryBuilder|Any CPU.Build.0 = Release|Any CPU
		{2B097379-CFDE-4A16-869F-3E3729663094}.EntryBuilder|Mixed Platforms.ActiveCfg = Release|Any CPU
		{2B097379-CFDE-4A16-869F-3E3729663094}.EntryBuilder|Mixed Platforms.Build.0 = Release|Any CPU
		{2B097379-CFDE-4A16-869F-3E3729663094}.EntryBuilder|x86.ActiveCfg = Release|Any CPU
		{2B097379-CFDE-4A16-869F-3E3729663094}.Release|Any CPU.ActiveCfg = Release|Any CPU
		{2B097379-CFDE-4A16-869F-3E3729663094}.Release|Any CPU.Build.0 = Release|Any CPU
		{2B097379-CFDE-4A16-869F-3E3729663094}.Release|Mixed Platforms.ActiveCfg = Release|Any CPU
		{2B097379-CFDE-4A16-869F-3E3729663094}.Release|Mixed Platforms.Build.0 = Release|Any CPU
		{2B097379-CFDE-4A16-869F-3E3729663094}.Release|x86.ActiveCfg = Release|Any CPU
		{2B097379-CFDE-4A16-869F-3E3729663094}.SERVER|Any CPU.ActiveCfg = Release|Any CPU
		{2B097379-CFDE-4A16-869F-3E3729663094}.SERVER|Any CPU.Build.0 = Release|Any CPU
		{2B097379-CFDE-4A16-869F-3E3729663094}.SERVER|Mixed Platforms.ActiveCfg = Release|Any CPU
		{2B097379-CFDE-4A16-869F-3E3729663094}.SERVER|Mixed Platforms.Build.0 = Release|Any CPU
		{2B097379-CFDE-4A16-869F-3E3729663094}.SERVER|x86.ActiveCfg = Release|Any CPU
		{2B097379-CFDE-4A16-869F-3E3729663094}.WEB|Any CPU.ActiveCfg = Release|Any CPU
		{2B097379-CFDE-4A16-869F-3E3729663094}.WEB|Any CPU.Build.0 = Release|Any CPU
		{2B097379-CFDE-4A16-869F-3E3729663094}.WEB|Mixed Platforms.ActiveCfg = Release|Any CPU
		{2B097379-CFDE-4A16-869F-3E3729663094}.WEB|Mixed Platforms.Build.0 = Release|Any CPU
		{2B097379-CFDE-4A16-869F-3E3729663094}.WEB|x86.ActiveCfg = Release|Any CPU
		{E4525844-93A3-472A-AD59-FF99984CF386}.CLIENT|Any CPU.ActiveCfg = CLIENT|x86
		{E4525844-93A3-472A-AD59-FF99984CF386}.CLIENT|Mixed Platforms.ActiveCfg = CLIENT|x86
		{E4525844-93A3-472A-AD59-FF99984CF386}.CLIENT|Mixed Platforms.Build.0 = CLIENT|x86
		{E4525844-93A3-472A-AD59-FF99984CF386}.CLIENT|x86.ActiveCfg = CLIENT|x86
		{E4525844-93A3-472A-AD59-FF99984CF386}.CLIENT|x86.Build.0 = CLIENT|x86
		{E4525844-93A3-472A-AD59-FF99984CF386}.Debug|Any CPU.ActiveCfg = Debug|x86
		{E4525844-93A3-472A-AD59-FF99984CF386}.Debug|Mixed Platforms.ActiveCfg = Debug|x86
		{E4525844-93A3-472A-AD59-FF99984CF386}.Debug|Mixed Platforms.Build.0 = Debug|x86
		{E4525844-93A3-472A-AD59-FF99984CF386}.Debug|x86.ActiveCfg = Debug|x86
		{E4525844-93A3-472A-AD59-FF99984CF386}.Debug|x86.Build.0 = Debug|x86
		{E4525844-93A3-472A-AD59-FF99984CF386}.EntryBuilder|Any CPU.ActiveCfg = EntryBuilder|x86
		{E4525844-93A3-472A-AD59-FF99984CF386}.EntryBuilder|Mixed Platforms.ActiveCfg = EntryBuilder|x86
		{E4525844-93A3-472A-AD59-FF99984CF386}.EntryBuilder|Mixed Platforms.Build.0 = EntryBuilder|x86
		{E4525844-93A3-472A-AD59-FF99984CF386}.EntryBuilder|x86.ActiveCfg = EntryBuilder|x86
		{E4525844-93A3-472A-AD59-FF99984CF386}.EntryBuilder|x86.Build.0 = EntryBuilder|x86
		{E4525844-93A3-472A-AD59-FF99984CF386}.Release|Any CPU.ActiveCfg = Release|x86
		{E4525844-93A3-472A-AD59-FF99984CF386}.Release|Mixed Platforms.ActiveCfg = Release|x86
		{E4525844-93A3-472A-AD59-FF99984CF386}.Release|Mixed Platforms.Build.0 = Release|x86
		{E4525844-93A3-472A-AD59-FF99984CF386}.Release|x86.ActiveCfg = Release|x86
		{E4525844-93A3-472A-AD59-FF99984CF386}.Release|x86.Build.0 = Release|x86
		{E4525844-93A3-472A-AD59-FF99984CF386}.SERVER|Any CPU.ActiveCfg = SERVER|x86
		{E4525844-93A3-472A-AD59-FF99984CF386}.SERVER|Mixed Platforms.ActiveCfg = SERVER|x86
		{E4525844-93A3-472A-AD59-FF99984CF386}.SERVER|Mixed Platforms.Build.0 = SERVER|x86
		{E4525844-93A3-472A-AD59-FF99984CF386}.SERVER|x86.ActiveCfg = SERVER|x86
		{E4525844-93A3-472A-AD59-FF99984CF386}.SERVER|x86.Build.0 = SERVER|x86
		{E4525844-93A3-472A-AD59-FF99984CF386}.WEB|Any CPU.ActiveCfg = WEB|x86
		{E4525844-93A3-472A-AD59-FF99984CF386}.WEB|Mixed Platforms.ActiveCfg = WEB|x86
		{E4525844-93A3-472A-AD59-FF99984CF386}.WEB|Mixed Platforms.Build.0 = WEB|x86
		{E4525844-93A3-472A-AD59-FF99984CF386}.WEB|x86.ActiveCfg = WEB|x86
		{E4525844-93A3-472A-AD59-FF99984CF386}.WEB|x86.Build.0 = WEB|x86
		{2F723217-59D2-4680-8DBC-771D2311C280}.CLIENT|Any CPU.ActiveCfg = Release|Any CPU
		{2F723217-59D2-4680-8DBC-771D2311C280}.CLIENT|Any CPU.Build.0 = Release|Any CPU
		{2F723217-59D2-4680-8DBC-771D2311C280}.CLIENT|Mixed Platforms.ActiveCfg = Release|Any CPU
		{2F723217-59D2-4680-8DBC-771D2311C280}.CLIENT|Mixed Platforms.Build.0 = Release|Any CPU
		{2F723217-59D2-4680-8DBC-771D2311C280}.CLIENT|x86.ActiveCfg = Release|Any CPU
		{2F723217-59D2-4680-8DBC-771D2311C280}.Debug|Any CPU.ActiveCfg = Debug|Any CPU
		{2F723217-59D2-4680-8DBC-771D2311C280}.Debug|Any CPU.Build.0 = Debug|Any CPU
		{2F723217-59D2-4680-8DBC-771D2311C280}.Debug|Mixed Platforms.ActiveCfg = Debug|Any CPU
		{2F723217-59D2-4680-8DBC-771D2311C280}.Debug|x86.ActiveCfg = Debug|Any CPU
		{2F723217-59D2-4680-8DBC-771D2311C280}.EntryBuilder|Any CPU.ActiveCfg = Release|Any CPU
		{2F723217-59D2-4680-8DBC-771D2311C280}.EntryBuilder|Any CPU.Build.0 = Release|Any CPU
		{2F723217-59D2-4680-8DBC-771D2311C280}.EntryBuilder|Mixed Platforms.ActiveCfg = Release|Any CPU
		{2F723217-59D2-4680-8DBC-771D2311C280}.EntryBuilder|Mixed Platforms.Build.0 = Release|Any CPU
		{2F723217-59D2-4680-8DBC-771D2311C280}.EntryBuilder|x86.ActiveCfg = Release|Any CPU
		{2F723217-59D2-4680-8DBC-771D2311C280}.Release|Any CPU.ActiveCfg = Release|Any CPU
		{2F723217-59D2-4680-8DBC-771D2311C280}.Release|Any CPU.Build.0 = Release|Any CPU
		{2F723217-59D2-4680-8DBC-771D2311C280}.Release|Mixed Platforms.ActiveCfg = Release|Any CPU
		{2F723217-59D2-4680-8DBC-771D2311C280}.Release|Mixed Platforms.Build.0 = Release|Any CPU
		{2F723217-59D2-4680-8DBC-771D2311C280}.Release|x86.ActiveCfg = Release|Any CPU
		{2F723217-59D2-4680-8DBC-771D2311C280}.SERVER|Any CPU.ActiveCfg = Release|Any CPU
		{2F723217-59D2-4680-8DBC-771D2311C280}.SERVER|Any CPU.Build.0 = Release|Any CPU
		{2F723217-59D2-4680-8DBC-771D2311C280}.SERVER|Mixed Platforms.ActiveCfg = Release|Any CPU
		{2F723217-59D2-4680-8DBC-771D2311C280}.SERVER|Mixed Platforms.Build.0 = Release|Any CPU
		{2F723217-59D2-4680-8DBC-771D2311C280}.SERVER|x86.ActiveCfg = Release|Any CPU
		{2F723217-59D2-4680-8DBC-771D2311C280}.WEB|Any CPU.ActiveCfg = Release|Any CPU
		{2F723217-59D2-4680-8DBC-771D2311C280}.WEB|Any CPU.Build.0 = Release|Any CPU
		{2F723217-59D2-4680-8DBC-771D2311C280}.WEB|Mixed Platforms.ActiveCfg = Release|Any CPU
		{2F723217-59D2-4680-8DBC-771D2311C280}.WEB|Mixed Platforms.Build.0 = Release|Any CPU
		{2F723217-59D2-4680-8DBC-771D2311C280}.WEB|x86.ActiveCfg = Release|Any CPU
		{D6E12A5C-CD9D-4671-9BD7-5D3E79CE3543}.CLIENT|Any CPU.ActiveCfg = Release|Any CPU
		{D6E12A5C-CD9D-4671-9BD7-5D3E79CE3543}.CLIENT|Any CPU.Build.0 = Release|Any CPU
		{D6E12A5C-CD9D-4671-9BD7-5D3E79CE3543}.CLIENT|Mixed Platforms.ActiveCfg = Release|Any CPU
		{D6E12A5C-CD9D-4671-9BD7-5D3E79CE3543}.CLIENT|Mixed Platforms.Build.0 = Release|Any CPU
		{D6E12A5C-CD9D-4671-9BD7-5D3E79CE3543}.CLIENT|x86.ActiveCfg = Release|Any CPU
		{D6E12A5C-CD9D-4671-9BD7-5D3E79CE3543}.Debug|Any CPU.ActiveCfg = Debug|Any CPU
		{D6E12A5C-CD9D-4671-9BD7-5D3E79CE3543}.Debug|Any CPU.Build.0 = Debug|Any CPU
		{D6E12A5C-CD9D-4671-9BD7-5D3E79CE3543}.Debug|Mixed Platforms.ActiveCfg = Debug|Any CPU
		{D6E12A5C-CD9D-4671-9BD7-5D3E79CE3543}.Debug|x86.ActiveCfg = Debug|Any CPU
		{D6E12A5C-CD9D-4671-9BD7-5D3E79CE3543}.EntryBuilder|Any CPU.ActiveCfg = Release|Any CPU
		{D6E12A5C-CD9D-4671-9BD7-5D3E79CE3543}.EntryBuilder|Any CPU.Build.0 = Release|Any CPU
		{D6E12A5C-CD9D-4671-9BD7-5D3E79CE3543}.EntryBuilder|Mixed Platforms.ActiveCfg = Release|Any CPU
		{D6E12A5C-CD9D-4671-9BD7-5D3E79CE3543}.EntryBuilder|Mixed Platforms.Build.0 = Release|Any CPU
		{D6E12A5C-CD9D-4671-9BD7-5D3E79CE3543}.EntryBuilder|x86.ActiveCfg = Release|Any CPU
		{D6E12A5C-CD9D-4671-9BD7-5D3E79CE3543}.Release|Any CPU.ActiveCfg = Release|Any CPU
		{D6E12A5C-CD9D-4671-9BD7-5D3E79CE3543}.Release|Any CPU.Build.0 = Release|Any CPU
		{D6E12A5C-CD9D-4671-9BD7-5D3E79CE3543}.Release|Mixed Platforms.ActiveCfg = Release|Any CPU
		{D6E12A5C-CD9D-4671-9BD7-5D3E79CE3543}.Release|Mixed Platforms.Build.0 = Release|Any CPU
		{D6E12A5C-CD9D-4671-9BD7-5D3E79CE3543}.Release|x86.ActiveCfg = Release|Any CPU
		{D6E12A5C-CD9D-4671-9BD7-5D3E79CE3543}.SERVER|Any CPU.ActiveCfg = Release|Any CPU
		{D6E12A5C-CD9D-4671-9BD7-5D3E79CE3543}.SERVER|Any CPU.Build.0 = Release|Any CPU
		{D6E12A5C-CD9D-4671-9BD7-5D3E79CE3543}.SERVER|Mixed Platforms.ActiveCfg = Release|Any CPU
		{D6E12A5C-CD9D-4671-9BD7-5D3E79CE3543}.SERVER|Mixed Platforms.Build.0 = Release|Any CPU
		{D6E12A5C-CD9D-4671-9BD7-5D3E79CE3543}.SERVER|x86.ActiveCfg = Release|Any CPU
		{D6E12A5C-CD9D-4671-9BD7-5D3E79CE3543}.WEB|Any CPU.ActiveCfg = Release|Any CPU
		{D6E12A5C-CD9D-4671-9BD7-5D3E79CE3543}.WEB|Any CPU.Build.0 = Release|Any CPU
		{D6E12A5C-CD9D-4671-9BD7-5D3E79CE3543}.WEB|Mixed Platforms.ActiveCfg = Release|Any CPU
		{D6E12A5C-CD9D-4671-9BD7-5D3E79CE3543}.WEB|Mixed Platforms.Build.0 = Release|Any CPU
		{D6E12A5C-CD9D-4671-9BD7-5D3E79CE3543}.WEB|x86.ActiveCfg = Release|Any CPU
		{D894DFC4-0A6B-45DE-9D88-739D4569C056}.CLIENT|Any CPU.ActiveCfg = CLIENT|x86
		{D894DFC4-0A6B-45DE-9D88-739D4569C056}.CLIENT|Mixed Platforms.ActiveCfg = CLIENT|x86
		{D894DFC4-0A6B-45DE-9D88-739D4569C056}.CLIENT|Mixed Platforms.Build.0 = CLIENT|x86
		{D894DFC4-0A6B-45DE-9D88-739D4569C056}.CLIENT|x86.ActiveCfg = CLIENT|x86
		{D894DFC4-0A6B-45DE-9D88-739D4569C056}.CLIENT|x86.Build.0 = CLIENT|x86
		{D894DFC4-0A6B-45DE-9D88-739D4569C056}.Debug|Any CPU.ActiveCfg = Debug|x86
		{D894DFC4-0A6B-45DE-9D88-739D4569C056}.Debug|Mixed Platforms.ActiveCfg = Debug|x86
		{D894DFC4-0A6B-45DE-9D88-739D4569C056}.Debug|x86.ActiveCfg = Debug|x86
		{D894DFC4-0A6B-45DE-9D88-739D4569C056}.Debug|x86.Build.0 = Debug|x86
		{D894DFC4-0A6B-45DE-9D88-739D4569C056}.EntryBuilder|Any CPU.ActiveCfg = EntryBuilder|x86
		{D894DFC4-0A6B-45DE-9D88-739D4569C056}.EntryBuilder|Mixed Platforms.ActiveCfg = EntryBuilder|x86
		{D894DFC4-0A6B-45DE-9D88-739D4569C056}.EntryBuilder|Mixed Platforms.Build.0 = EntryBuilder|x86
		{D894DFC4-0A6B-45DE-9D88-739D4569C056}.EntryBuilder|x86.ActiveCfg = EntryBuilder|x86
		{D894DFC4-0A6B-45DE-9D88-739D4569C056}.EntryBuilder|x86.Build.0 = EntryBuilder|x86
		{D894DFC4-0A6B-45DE-9D88-739D4569C056}.Release|Any CPU.ActiveCfg = Release|x86
		{D894DFC4-0A6B-45DE-9D88-739D4569C056}.Release|Mixed Platforms.ActiveCfg = Release|x86
		{D894DFC4-0A6B-45DE-9D88-739D4569C056}.Release|Mixed Platforms.Build.0 = Release|x86
		{D894DFC4-0A6B-45DE-9D88-739D4569C056}.Release|x86.ActiveCfg = Release|x86
		{D894DFC4-0A6B-45DE-9D88-739D4569C056}.Release|x86.Build.0 = Release|x86
		{D894DFC4-0A6B-45DE-9D88-739D4569C056}.SERVER|Any CPU.ActiveCfg = SERVER|x86
		{D894DFC4-0A6B-45DE-9D88-739D4569C056}.SERVER|Mixed Platforms.ActiveCfg = SERVER|x86
		{D894DFC4-0A6B-45DE-9D88-739D4569C056}.SERVER|Mixed Platforms.Build.0 = SERVER|x86
		{D894DFC4-0A6B-45DE-9D88-739D4569C056}.SERVER|x86.ActiveCfg = SERVER|x86
		{D894DFC4-0A6B-45DE-9D88-739D4569C056}.SERVER|x86.Build.0 = SERVER|x86
		{D894DFC4-0A6B-45DE-9D88-739D4569C056}.WEB|Any CPU.ActiveCfg = WEB|x86
		{D894DFC4-0A6B-45DE-9D88-739D4569C056}.WEB|Mixed Platforms.ActiveCfg = WEB|x86
		{D894DFC4-0A6B-45DE-9D88-739D4569C056}.WEB|Mixed Platforms.Build.0 = WEB|x86
		{D894DFC4-0A6B-45DE-9D88-739D4569C056}.WEB|x86.ActiveCfg = WEB|x86
		{D894DFC4-0A6B-45DE-9D88-739D4569C056}.WEB|x86.Build.0 = WEB|x86
		{65CB1ACB-9F2C-4109-9F15-4CB8E034E539}.CLIENT|Any CPU.ActiveCfg = CLIENT|Any CPU
		{65CB1ACB-9F2C-4109-9F15-4CB8E034E539}.CLIENT|Any CPU.Build.0 = CLIENT|Any CPU
		{65CB1ACB-9F2C-4109-9F15-4CB8E034E539}.CLIENT|Mixed Platforms.ActiveCfg = CLIENT|Any CPU
		{65CB1ACB-9F2C-4109-9F15-4CB8E034E539}.CLIENT|Mixed Platforms.Build.0 = CLIENT|Any CPU
		{65CB1ACB-9F2C-4109-9F15-4CB8E034E539}.CLIENT|x86.ActiveCfg = CLIENT|Any CPU
		{65CB1ACB-9F2C-4109-9F15-4CB8E034E539}.Debug|Any CPU.ActiveCfg = Debug|Any CPU
		{65CB1ACB-9F2C-4109-9F15-4CB8E034E539}.Debug|Any CPU.Build.0 = Debug|Any CPU
		{65CB1ACB-9F2C-4109-9F15-4CB8E034E539}.Debug|Mixed Platforms.ActiveCfg = Debug|Any CPU
		{65CB1ACB-9F2C-4109-9F15-4CB8E034E539}.Debug|x86.ActiveCfg = Debug|Any CPU
		{65CB1ACB-9F2C-4109-9F15-4CB8E034E539}.EntryBuilder|Any CPU.ActiveCfg = EntryBuilder|Any CPU
		{65CB1ACB-9F2C-4109-9F15-4CB8E034E539}.EntryBuilder|Any CPU.Build.0 = EntryBuilder|Any CPU
		{65CB1ACB-9F2C-4109-9F15-4CB8E034E539}.EntryBuilder|Mixed Platforms.ActiveCfg = EntryBuilder|Any CPU
		{65CB1ACB-9F2C-4109-9F15-4CB8E034E539}.EntryBuilder|Mixed Platforms.Build.0 = EntryBuilder|Any CPU
		{65CB1ACB-9F2C-4109-9F15-4CB8E034E539}.EntryBuilder|x86.ActiveCfg = EntryBuilder|Any CPU
		{65CB1ACB-9F2C-4109-9F15-4CB8E034E539}.Release|Any CPU.ActiveCfg = Release|Any CPU
		{65CB1ACB-9F2C-4109-9F15-4CB8E034E539}.Release|Any CPU.Build.0 = Release|Any CPU
		{65CB1ACB-9F2C-4109-9F15-4CB8E034E539}.Release|Mixed Platforms.ActiveCfg = Release|Any CPU
		{65CB1ACB-9F2C-4109-9F15-4CB8E034E539}.Release|Mixed Platforms.Build.0 = Release|Any CPU
		{65CB1ACB-9F2C-4109-9F15-4CB8E034E539}.Release|x86.ActiveCfg = Release|Any CPU
		{65CB1ACB-9F2C-4109-9F15-4CB8E034E539}.SERVER|Any CPU.ActiveCfg = SERVER|Any CPU
		{65CB1ACB-9F2C-4109-9F15-4CB8E034E539}.SERVER|Any CPU.Build.0 = SERVER|Any CPU
		{65CB1ACB-9F2C-4109-9F15-4CB8E034E539}.SERVER|Mixed Platforms.ActiveCfg = SERVER|Any CPU
		{65CB1ACB-9F2C-4109-9F15-4CB8E034E539}.SERVER|Mixed Platforms.Build.0 = SERVER|Any CPU
		{65CB1ACB-9F2C-4109-9F15-4CB8E034E539}.SERVER|x86.ActiveCfg = SERVER|Any CPU
		{65CB1ACB-9F2C-4109-9F15-4CB8E034E539}.WEB|Any CPU.ActiveCfg = WEB|Any CPU
		{65CB1ACB-9F2C-4109-9F15-4CB8E034E539}.WEB|Any CPU.Build.0 = WEB|Any CPU
		{65CB1ACB-9F2C-4109-9F15-4CB8E034E539}.WEB|Mixed Platforms.ActiveCfg = WEB|Any CPU
		{65CB1ACB-9F2C-4109-9F15-4CB8E034E539}.WEB|Mixed Platforms.Build.0 = WEB|Any CPU
		{65CB1ACB-9F2C-4109-9F15-4CB8E034E539}.WEB|x86.ActiveCfg = WEB|Any CPU
		{FA8B69CA-7BC1-4007-9451-D43878A0E5E5}.CLIENT|Any CPU.ActiveCfg = CLIENT|Any CPU
		{FA8B69CA-7BC1-4007-9451-D43878A0E5E5}.CLIENT|Any CPU.Build.0 = CLIENT|Any CPU
		{FA8B69CA-7BC1-4007-9451-D43878A0E5E5}.CLIENT|Mixed Platforms.ActiveCfg = CLIENT|Any CPU
		{FA8B69CA-7BC1-4007-9451-D43878A0E5E5}.CLIENT|Mixed Platforms.Build.0 = CLIENT|Any CPU
		{FA8B69CA-7BC1-4007-9451-D43878A0E5E5}.CLIENT|x86.ActiveCfg = CLIENT|Any CPU
		{FA8B69CA-7BC1-4007-9451-D43878A0E5E5}.Debug|Any CPU.ActiveCfg = Debug|Any CPU
		{FA8B69CA-7BC1-4007-9451-D43878A0E5E5}.Debug|Any CPU.Build.0 = Debug|Any CPU
		{FA8B69CA-7BC1-4007-9451-D43878A0E5E5}.Debug|Mixed Platforms.ActiveCfg = Debug|Any CPU
		{FA8B69CA-7BC1-4007-9451-D43878A0E5E5}.Debug|x86.ActiveCfg = Debug|Any CPU
		{FA8B69CA-7BC1-4007-9451-D43878A0E5E5}.EntryBuilder|Any CPU.ActiveCfg = EntryBuilder|Any CPU
		{FA8B69CA-7BC1-4007-9451-D43878A0E5E5}.EntryBuilder|Any CPU.Build.0 = EntryBuilder|Any CPU
		{FA8B69CA-7BC1-4007-9451-D43878A0E5E5}.EntryBuilder|Mixed Platforms.ActiveCfg = EntryBuilder|Any CPU
		{FA8B69CA-7BC1-4007-9451-D43878A0E5E5}.EntryBuilder|Mixed Platforms.Build.0 = EntryBuilder|Any CPU
		{FA8B69CA-7BC1-4007-9451-D43878A0E5E5}.EntryBuilder|x86.ActiveCfg = EntryBuilder|Any CPU
		{FA8B69CA-7BC1-4007-9451-D43878A0E5E5}.Release|Any CPU.ActiveCfg = Release|Any CPU
		{FA8B69CA-7BC1-4007-9451-D43878A0E5E5}.Release|Any CPU.Build.0 = Release|Any CPU
		{FA8B69CA-7BC1-4007-9451-D43878A0E5E5}.Release|Mixed Platforms.ActiveCfg = Release|Any CPU
		{FA8B69CA-7BC1-4007-9451-D43878A0E5E5}.Release|Mixed Platforms.Build.0 = Release|Any CPU
		{FA8B69CA-7BC1-4007-9451-D43878A0E5E5}.Release|x86.ActiveCfg = Release|Any CPU
		{FA8B69CA-7BC1-4007-9451-D43878A0E5E5}.SERVER|Any CPU.ActiveCfg = SERVER|Any CPU
		{FA8B69CA-7BC1-4007-9451-D43878A0E5E5}.SERVER|Any CPU.Build.0 = SERVER|Any CPU
		{FA8B69CA-7BC1-4007-9451-D43878A0E5E5}.SERVER|Mixed Platforms.ActiveCfg = SERVER|Any CPU
		{FA8B69CA-7BC1-4007-9451-D43878A0E5E5}.SERVER|Mixed Platforms.Build.0 = SERVER|Any CPU
		{FA8B69CA-7BC1-4007-9451-D43878A0E5E5}.SERVER|x86.ActiveCfg = SERVER|Any CPU
		{FA8B69CA-7BC1-4007-9451-D43878A0E5E5}.WEB|Any CPU.ActiveCfg = WEB|Any CPU
		{FA8B69CA-7BC1-4007-9451-D43878A0E5E5}.WEB|Any CPU.Build.0 = WEB|Any CPU
		{FA8B69CA-7BC1-4007-9451-D43878A0E5E5}.WEB|Mixed Platforms.ActiveCfg = WEB|Any CPU
		{FA8B69CA-7BC1-4007-9451-D43878A0E5E5}.WEB|Mixed Platforms.Build.0 = WEB|Any CPU
		{FA8B69CA-7BC1-4007-9451-D43878A0E5E5}.WEB|x86.ActiveCfg = WEB|Any CPU
		{D6815DAC-CB36-4DCD-B089-0583A0FD947C}.CLIENT|Any CPU.ActiveCfg = Release|Any CPU
		{D6815DAC-CB36-4DCD-B089-0583A0FD947C}.CLIENT|Any CPU.Build.0 = Release|Any CPU
		{D6815DAC-CB36-4DCD-B089-0583A0FD947C}.CLIENT|Mixed Platforms.ActiveCfg = Release|Any CPU
		{D6815DAC-CB36-4DCD-B089-0583A0FD947C}.CLIENT|Mixed Platforms.Build.0 = Release|Any CPU
		{D6815DAC-CB36-4DCD-B089-0583A0FD947C}.CLIENT|x86.ActiveCfg = Release|Any CPU
		{D6815DAC-CB36-4DCD-B089-0583A0FD947C}.Debug|Any CPU.ActiveCfg = Debug|Any CPU
		{D6815DAC-CB36-4DCD-B089-0583A0FD947C}.Debug|Any CPU.Build.0 = Debug|Any CPU
		{D6815DAC-CB36-4DCD-B089-0583A0FD947C}.Debug|Mixed Platforms.ActiveCfg = Debug|Any CPU
		{D6815DAC-CB36-4DCD-B089-0583A0FD947C}.Debug|x86.ActiveCfg = Debug|Any CPU
		{D6815DAC-CB36-4DCD-B089-0583A0FD947C}.EntryBuilder|Any CPU.ActiveCfg = Release|Any CPU
		{D6815DAC-CB36-4DCD-B089-0583A0FD947C}.EntryBuilder|Any CPU.Build.0 = Release|Any CPU
		{D6815DAC-CB36-4DCD-B089-0583A0FD947C}.EntryBuilder|Mixed Platforms.ActiveCfg = Release|Any CPU
		{D6815DAC-CB36-4DCD-B089-0583A0FD947C}.EntryBuilder|Mixed Platforms.Build.0 = Release|Any CPU
		{D6815DAC-CB36-4DCD-B089-0583A0FD947C}.EntryBuilder|x86.ActiveCfg = Release|Any CPU
		{D6815DAC-CB36-4DCD-B089-0583A0FD947C}.Release|Any CPU.ActiveCfg = Release|Any CPU
		{D6815DAC-CB36-4DCD-B089-0583A0FD947C}.Release|Any CPU.Build.0 = Release|Any CPU
		{D6815DAC-CB36-4DCD-B089-0583A0FD947C}.Release|Mixed Platforms.ActiveCfg = Release|Any CPU
		{D6815DAC-CB36-4DCD-B089-0583A0FD947C}.Release|Mixed Platforms.Build.0 = Release|Any CPU
		{D6815DAC-CB36-4DCD-B089-0583A0FD947C}.Release|x86.ActiveCfg = Release|Any CPU
		{D6815DAC-CB36-4DCD-B089-0583A0FD947C}.SERVER|Any CPU.ActiveCfg = Release|Any CPU
		{D6815DAC-CB36-4DCD-B089-0583A0FD947C}.SERVER|Any CPU.Build.0 = Release|Any CPU
		{D6815DAC-CB36-4DCD-B089-0583A0FD947C}.SERVER|Mixed Platforms.ActiveCfg = Release|Any CPU
		{D6815DAC-CB36-4DCD-B089-0583A0FD947C}.SERVER|Mixed Platforms.Build.0 = Release|Any CPU
		{D6815DAC-CB36-4DCD-B089-0583A0FD947C}.SERVER|x86.ActiveCfg = Release|Any CPU
		{D6815DAC-CB36-4DCD-B089-0583A0FD947C}.WEB|Any CPU.ActiveCfg = Release|Any CPU
		{D6815DAC-CB36-4DCD-B089-0583A0FD947C}.WEB|Any CPU.Build.0 = Release|Any CPU
		{D6815DAC-CB36-4DCD-B089-0583A0FD947C}.WEB|Mixed Platforms.ActiveCfg = Release|Any CPU
		{D6815DAC-CB36-4DCD-B089-0583A0FD947C}.WEB|Mixed Platforms.Build.0 = Release|Any CPU
		{D6815DAC-CB36-4DCD-B089-0583A0FD947C}.WEB|x86.ActiveCfg = Release|Any CPU
		{56BE494E-880C-4647-B97D-EEC5B0A60FF6}.CLIENT|Any CPU.ActiveCfg = Release|Any CPU
		{56BE494E-880C-4647-B97D-EEC5B0A60FF6}.CLIENT|Any CPU.Build.0 = Release|Any CPU
		{56BE494E-880C-4647-B97D-EEC5B0A60FF6}.CLIENT|Mixed Platforms.ActiveCfg = Release|Any CPU
		{56BE494E-880C-4647-B97D-EEC5B0A60FF6}.CLIENT|Mixed Platforms.Build.0 = Release|Any CPU
		{56BE494E-880C-4647-B97D-EEC5B0A60FF6}.CLIENT|x86.ActiveCfg = Release|Any CPU
		{56BE494E-880C-4647-B97D-EEC5B0A60FF6}.Debug|Any CPU.ActiveCfg = Debug|Any CPU
		{56BE494E-880C-4647-B97D-EEC5B0A60FF6}.Debug|Any CPU.Build.0 = Debug|Any CPU
		{56BE494E-880C-4647-B97D-EEC5B0A60FF6}.Debug|Mixed Platforms.ActiveCfg = Debug|Any CPU
		{56BE494E-880C-4647-B97D-EEC5B0A60FF6}.Debug|x86.ActiveCfg = Debug|Any CPU
		{56BE494E-880C-4647-B97D-EEC5B0A60FF6}.EntryBuilder|Any CPU.ActiveCfg = Release|Any CPU
		{56BE494E-880C-4647-B97D-EEC5B0A60FF6}.EntryBuilder|Any CPU.Build.0 = Release|Any CPU
		{56BE494E-880C-4647-B97D-EEC5B0A60FF6}.EntryBuilder|Mixed Platforms.ActiveCfg = Release|Any CPU
		{56BE494E-880C-4647-B97D-EEC5B0A60FF6}.EntryBuilder|Mixed Platforms.Build.0 = Release|Any CPU
		{56BE494E-880C-4647-B97D-EEC5B0A60FF6}.EntryBuilder|x86.ActiveCfg = Release|Any CPU
		{56BE494E-880C-4647-B97D-EEC5B0A60FF6}.Release|Any CPU.ActiveCfg = Release|Any CPU
		{56BE494E-880C-4647-B97D-EEC5B0A60FF6}.Release|Any CPU.Build.0 = Release|Any CPU
		{56BE494E-880C-4647-B97D-EEC5B0A60FF6}.Release|Mixed Platforms.ActiveCfg = Release|Any CPU
		{56BE494E-880C-4647-B97D-EEC5B0A60FF6}.Release|Mixed Platforms.Build.0 = Release|Any CPU
		{56BE494E-880C-4647-B97D-EEC5B0A60FF6}.Release|x86.ActiveCfg = Release|Any CPU
		{56BE494E-880C-4647-B97D-EEC5B0A60FF6}.SERVER|Any CPU.ActiveCfg = Release|Any CPU
		{56BE494E-880C-4647-B97D-EEC5B0A60FF6}.SERVER|Any CPU.Build.0 = Release|Any CPU
		{56BE494E-880C-4647-B97D-EEC5B0A60FF6}.SERVER|Mixed Platforms.ActiveCfg = Release|Any CPU
		{56BE494E-880C-4647-B97D-EEC5B0A60FF6}.SERVER|Mixed Platforms.Build.0 = Release|Any CPU
		{56BE494E-880C-4647-B97D-EEC5B0A60FF6}.SERVER|x86.ActiveCfg = Release|Any CPU
		{56BE494E-880C-4647-B97D-EEC5B0A60FF6}.WEB|Any CPU.ActiveCfg = Release|Any CPU
		{56BE494E-880C-4647-B97D-EEC5B0A60FF6}.WEB|Any CPU.Build.0 = Release|Any CPU
		{56BE494E-880C-4647-B97D-EEC5B0A60FF6}.WEB|Mixed Platforms.ActiveCfg = Release|Any CPU
		{56BE494E-880C-4647-B97D-EEC5B0A60FF6}.WEB|Mixed Platforms.Build.0 = Release|Any CPU
		{56BE494E-880C-4647-B97D-EEC5B0A60FF6}.WEB|x86.ActiveCfg = Release|Any CPU
		{12FF1B71-52C1-4C01-8351-6221A4DB9E54}.CLIENT|Any CPU.ActiveCfg = Release|x86
		{12FF1B71-52C1-4C01-8351-6221A4DB9E54}.CLIENT|Mixed Platforms.ActiveCfg = Release|x86
		{12FF1B71-52C1-4C01-8351-6221A4DB9E54}.CLIENT|Mixed Platforms.Build.0 = Release|x86
		{12FF1B71-52C1-4C01-8351-6221A4DB9E54}.CLIENT|x86.ActiveCfg = Release|x86
		{12FF1B71-52C1-4C01-8351-6221A4DB9E54}.CLIENT|x86.Build.0 = Release|x86
		{12FF1B71-52C1-4C01-8351-6221A4DB9E54}.Debug|Any CPU.ActiveCfg = Debug|x86
		{12FF1B71-52C1-4C01-8351-6221A4DB9E54}.Debug|Mixed Platforms.ActiveCfg = Debug|x86
		{12FF1B71-52C1-4C01-8351-6221A4DB9E54}.Debug|x86.ActiveCfg = Debug|x86
		{12FF1B71-52C1-4C01-8351-6221A4DB9E54}.Debug|x86.Build.0 = Debug|x86
		{12FF1B71-52C1-4C01-8351-6221A4DB9E54}.EntryBuilder|Any CPU.ActiveCfg = Release|x86
		{12FF1B71-52C1-4C01-8351-6221A4DB9E54}.EntryBuilder|Mixed Platforms.ActiveCfg = Release|x86
		{12FF1B71-52C1-4C01-8351-6221A4DB9E54}.EntryBuilder|Mixed Platforms.Build.0 = Release|x86
		{12FF1B71-52C1-4C01-8351-6221A4DB9E54}.EntryBuilder|x86.ActiveCfg = Release|x86
		{12FF1B71-52C1-4C01-8351-6221A4DB9E54}.EntryBuilder|x86.Build.0 = Release|x86
		{12FF1B71-52C1-4C01-8351-6221A4DB9E54}.Release|Any CPU.ActiveCfg = Release|x86
		{12FF1B71-52C1-4C01-8351-6221A4DB9E54}.Release|Mixed Platforms.ActiveCfg = Release|x86
		{12FF1B71-52C1-4C01-8351-6221A4DB9E54}.Release|Mixed Platforms.Build.0 = Release|x86
		{12FF1B71-52C1-4C01-8351-6221A4DB9E54}.Release|x86.ActiveCfg = Release|x86
		{12FF1B71-52C1-4C01-8351-6221A4DB9E54}.Release|x86.Build.0 = Release|x86
		{12FF1B71-52C1-4C01-8351-6221A4DB9E54}.SERVER|Any CPU.ActiveCfg = Release|x86
		{12FF1B71-52C1-4C01-8351-6221A4DB9E54}.SERVER|Mixed Platforms.ActiveCfg = Release|x86
		{12FF1B71-52C1-4C01-8351-6221A4DB9E54}.SERVER|Mixed Platforms.Build.0 = Release|x86
		{12FF1B71-52C1-4C01-8351-6221A4DB9E54}.SERVER|x86.ActiveCfg = Release|x86
		{12FF1B71-52C1-4C01-8351-6221A4DB9E54}.SERVER|x86.Build.0 = Release|x86
		{12FF1B71-52C1-4C01-8351-6221A4DB9E54}.WEB|Any CPU.ActiveCfg = Release|x86
		{12FF1B71-52C1-4C01-8351-6221A4DB9E54}.WEB|Mixed Platforms.ActiveCfg = Release|x86
		{12FF1B71-52C1-4C01-8351-6221A4DB9E54}.WEB|Mixed Platforms.Build.0 = Release|x86
		{12FF1B71-52C1-4C01-8351-6221A4DB9E54}.WEB|x86.ActiveCfg = Release|x86
		{12FF1B71-52C1-4C01-8351-6221A4DB9E54}.WEB|x86.Build.0 = Release|x86
		{E481E6E2-D1FE-4530-8460-4A1E1E589132}.CLIENT|Any CPU.ActiveCfg = Release|Any CPU
		{E481E6E2-D1FE-4530-8460-4A1E1E589132}.CLIENT|Any CPU.Build.0 = Release|Any CPU
		{E481E6E2-D1FE-4530-8460-4A1E1E589132}.CLIENT|Mixed Platforms.ActiveCfg = Release|Any CPU
		{E481E6E2-D1FE-4530-8460-4A1E1E589132}.CLIENT|Mixed Platforms.Build.0 = Release|Any CPU
		{E481E6E2-D1FE-4530-8460-4A1E1E589132}.CLIENT|x86.ActiveCfg = Release|Any CPU
		{E481E6E2-D1FE-4530-8460-4A1E1E589132}.Debug|Any CPU.ActiveCfg = Debug|Any CPU
		{E481E6E2-D1FE-4530-8460-4A1E1E589132}.Debug|Any CPU.Build.0 = Debug|Any CPU
		{E481E6E2-D1FE-4530-8460-4A1E1E589132}.Debug|Mixed Platforms.ActiveCfg = Debug|Any CPU
		{E481E6E2-D1FE-4530-8460-4A1E1E589132}.Debug|x86.ActiveCfg = Debug|Any CPU
		{E481E6E2-D1FE-4530-8460-4A1E1E589132}.EntryBuilder|Any CPU.ActiveCfg = Release|Any CPU
		{E481E6E2-D1FE-4530-8460-4A1E1E589132}.EntryBuilder|Any CPU.Build.0 = Release|Any CPU
		{E481E6E2-D1FE-4530-8460-4A1E1E589132}.EntryBuilder|Mixed Platforms.ActiveCfg = Release|Any CPU
		{E481E6E2-D1FE-4530-8460-4A1E1E589132}.EntryBuilder|Mixed Platforms.Build.0 = Release|Any CPU
		{E481E6E2-D1FE-4530-8460-4A1E1E589132}.EntryBuilder|x86.ActiveCfg = Release|Any CPU
		{E481E6E2-D1FE-4530-8460-4A1E1E589132}.Release|Any CPU.ActiveCfg = Release|Any CPU
		{E481E6E2-D1FE-4530-8460-4A1E1E589132}.Release|Any CPU.Build.0 = Release|Any CPU
		{E481E6E2-D1FE-4530-8460-4A1E1E589132}.Release|Mixed Platforms.ActiveCfg = Release|Any CPU
		{E481E6E2-D1FE-4530-8460-4A1E1E589132}.Release|Mixed Platforms.Build.0 = Release|Any CPU
		{E481E6E2-D1FE-4530-8460-4A1E1E589132}.Release|x86.ActiveCfg = Release|Any CPU
		{E481E6E2-D1FE-4530-8460-4A1E1E589132}.SERVER|Any CPU.ActiveCfg = Release|Any CPU
		{E481E6E2-D1FE-4530-8460-4A1E1E589132}.SERVER|Any CPU.Build.0 = Release|Any CPU
		{E481E6E2-D1FE-4530-8460-4A1E1E589132}.SERVER|Mixed Platforms.ActiveCfg = Release|Any CPU
		{E481E6E2-D1FE-4530-8460-4A1E1E589132}.SERVER|Mixed Platforms.Build.0 = Release|Any CPU
		{E481E6E2-D1FE-4530-8460-4A1E1E589132}.SERVER|x86.ActiveCfg = Release|Any CPU
		{E481E6E2-D1FE-4530-8460-4A1E1E589132}.WEB|Any CPU.ActiveCfg = Release|Any CPU
		{E481E6E2-D1FE-4530-8460-4A1E1E589132}.WEB|Any CPU.Build.0 = Release|Any CPU
		{E481E6E2-D1FE-4530-8460-4A1E1E589132}.WEB|Mixed Platforms.ActiveCfg = Release|Any CPU
		{E481E6E2-D1FE-4530-8460-4A1E1E589132}.WEB|Mixed Platforms.Build.0 = Release|Any CPU
		{E481E6E2-D1FE-4530-8460-4A1E1E589132}.WEB|x86.ActiveCfg = Release|Any CPU
		{16000A1F-1E4C-4C26-BEB7-29528027EE68}.CLIENT|Any CPU.ActiveCfg = Release|Any CPU
		{16000A1F-1E4C-4C26-BEB7-29528027EE68}.CLIENT|Any CPU.Build.0 = Release|Any CPU
		{16000A1F-1E4C-4C26-BEB7-29528027EE68}.CLIENT|Mixed Platforms.ActiveCfg = Release|Any CPU
		{16000A1F-1E4C-4C26-BEB7-29528027EE68}.CLIENT|Mixed Platforms.Build.0 = Release|Any CPU
		{16000A1F-1E4C-4C26-BEB7-29528027EE68}.CLIENT|x86.ActiveCfg = Release|Any CPU
		{16000A1F-1E4C-4C26-BEB7-29528027EE68}.Debug|Any CPU.ActiveCfg = Debug|Any CPU
		{16000A1F-1E4C-4C26-BEB7-29528027EE68}.Debug|Any CPU.Build.0 = Debug|Any CPU
		{16000A1F-1E4C-4C26-BEB7-29528027EE68}.Debug|Mixed Platforms.ActiveCfg = Debug|Any CPU
		{16000A1F-1E4C-4C26-BEB7-29528027EE68}.Debug|x86.ActiveCfg = Debug|Any CPU
		{16000A1F-1E4C-4C26-BEB7-29528027EE68}.EntryBuilder|Any CPU.ActiveCfg = Release|Any CPU
		{16000A1F-1E4C-4C26-BEB7-29528027EE68}.EntryBuilder|Any CPU.Build.0 = Release|Any CPU
		{16000A1F-1E4C-4C26-BEB7-29528027EE68}.EntryBuilder|Mixed Platforms.ActiveCfg = Release|Any CPU
		{16000A1F-1E4C-4C26-BEB7-29528027EE68}.EntryBuilder|Mixed Platforms.Build.0 = Release|Any CPU
		{16000A1F-1E4C-4C26-BEB7-29528027EE68}.EntryBuilder|x86.ActiveCfg = Release|Any CPU
		{16000A1F-1E4C-4C26-BEB7-29528027EE68}.Release|Any CPU.ActiveCfg = Release|Any CPU
		{16000A1F-1E4C-4C26-BEB7-29528027EE68}.Release|Any CPU.Build.0 = Release|Any CPU
		{16000A1F-1E4C-4C26-BEB7-29528027EE68}.Release|Mixed Platforms.ActiveCfg = Release|Any CPU
		{16000A1F-1E4C-4C26-BEB7-29528027EE68}.Release|Mixed Platforms.Build.0 = Release|Any CPU
		{16000A1F-1E4C-4C26-BEB7-29528027EE68}.Release|x86.ActiveCfg = Release|Any CPU
		{16000A1F-1E4C-4C26-BEB7-29528027EE68}.SERVER|Any CPU.ActiveCfg = Release|Any CPU
		{16000A1F-1E4C-4C26-BEB7-29528027EE68}.SERVER|Any CPU.Build.0 = Release|Any CPU
		{16000A1F-1E4C-4C26-BEB7-29528027EE68}.SERVER|Mixed Platforms.ActiveCfg = Release|Any CPU
		{16000A1F-1E4C-4C26-BEB7-29528027EE68}.SERVER|Mixed Platforms.Build.0 = Release|Any CPU
		{16000A1F-1E4C-4C26-BEB7-29528027EE68}.SERVER|x86.ActiveCfg = Release|Any CPU
		{16000A1F-1E4C-4C26-BEB7-29528027EE68}.WEB|Any CPU.ActiveCfg = Release|Any CPU
		{16000A1F-1E4C-4C26-BEB7-29528027EE68}.WEB|Any CPU.Build.0 = Release|Any CPU
		{16000A1F-1E4C-4C26-BEB7-29528027EE68}.WEB|Mixed Platforms.ActiveCfg = Release|Any CPU
		{16000A1F-1E4C-4C26-BEB7-29528027EE68}.WEB|Mixed Platforms.Build.0 = Release|Any CPU
		{16000A1F-1E4C-4C26-BEB7-29528027EE68}.WEB|x86.ActiveCfg = Release|Any CPU
		{8982BEB9-D6BB-4BE3-83F1-ECC88DCF05A7}.CLIENT|Any CPU.ActiveCfg = Release|Any CPU
		{8982BEB9-D6BB-4BE3-83F1-ECC88DCF05A7}.CLIENT|Any CPU.Build.0 = Release|Any CPU
		{8982BEB9-D6BB-4BE3-83F1-ECC88DCF05A7}.CLIENT|Mixed Platforms.ActiveCfg = Release|Any CPU
		{8982BEB9-D6BB-4BE3-83F1-ECC88DCF05A7}.CLIENT|Mixed Platforms.Build.0 = Release|Any CPU
		{8982BEB9-D6BB-4BE3-83F1-ECC88DCF05A7}.CLIENT|x86.ActiveCfg = Release|Any CPU
		{8982BEB9-D6BB-4BE3-83F1-ECC88DCF05A7}.Debug|Any CPU.ActiveCfg = Debug|Any CPU
		{8982BEB9-D6BB-4BE3-83F1-ECC88DCF05A7}.Debug|Any CPU.Build.0 = Debug|Any CPU
		{8982BEB9-D6BB-4BE3-83F1-ECC88DCF05A7}.Debug|Mixed Platforms.ActiveCfg = Debug|Any CPU
		{8982BEB9-D6BB-4BE3-83F1-ECC88DCF05A7}.Debug|x86.ActiveCfg = Debug|Any CPU
		{8982BEB9-D6BB-4BE3-83F1-ECC88DCF05A7}.EntryBuilder|Any CPU.ActiveCfg = Release|Any CPU
		{8982BEB9-D6BB-4BE3-83F1-ECC88DCF05A7}.EntryBuilder|Any CPU.Build.0 = Release|Any CPU
		{8982BEB9-D6BB-4BE3-83F1-ECC88DCF05A7}.EntryBuilder|Mixed Platforms.ActiveCfg = Release|Any CPU
		{8982BEB9-D6BB-4BE3-83F1-ECC88DCF05A7}.EntryBuilder|Mixed Platforms.Build.0 = Release|Any CPU
		{8982BEB9-D6BB-4BE3-83F1-ECC88DCF05A7}.EntryBuilder|x86.ActiveCfg = Release|Any CPU
		{8982BEB9-D6BB-4BE3-83F1-ECC88DCF05A7}.Release|Any CPU.ActiveCfg = Release|Any CPU
		{8982BEB9-D6BB-4BE3-83F1-ECC88DCF05A7}.Release|Any CPU.Build.0 = Release|Any CPU
		{8982BEB9-D6BB-4BE3-83F1-ECC88DCF05A7}.Release|Mixed Platforms.ActiveCfg = Release|Any CPU
		{8982BEB9-D6BB-4BE3-83F1-ECC88DCF05A7}.Release|Mixed Platforms.Build.0 = Release|Any CPU
		{8982BEB9-D6BB-4BE3-83F1-ECC88DCF05A7}.Release|x86.ActiveCfg = Release|Any CPU
		{8982BEB9-D6BB-4BE3-83F1-ECC88DCF05A7}.SERVER|Any CPU.ActiveCfg = Release|Any CPU
		{8982BEB9-D6BB-4BE3-83F1-ECC88DCF05A7}.SERVER|Any CPU.Build.0 = Release|Any CPU
		{8982BEB9-D6BB-4BE3-83F1-ECC88DCF05A7}.SERVER|Mixed Platforms.ActiveCfg = Release|Any CPU
		{8982BEB9-D6BB-4BE3-83F1-ECC88DCF05A7}.SERVER|Mixed Platforms.Build.0 = Release|Any CPU
		{8982BEB9-D6BB-4BE3-83F1-ECC88DCF05A7}.SERVER|x86.ActiveCfg = Release|Any CPU
		{8982BEB9-D6BB-4BE3-83F1-ECC88DCF05A7}.WEB|Any CPU.ActiveCfg = Release|Any CPU
		{8982BEB9-D6BB-4BE3-83F1-ECC88DCF05A7}.WEB|Any CPU.Build.0 = Release|Any CPU
		{8982BEB9-D6BB-4BE3-83F1-ECC88DCF05A7}.WEB|Mixed Platforms.ActiveCfg = Release|Any CPU
		{8982BEB9-D6BB-4BE3-83F1-ECC88DCF05A7}.WEB|Mixed Platforms.Build.0 = Release|Any CPU
		{8982BEB9-D6BB-4BE3-83F1-ECC88DCF05A7}.WEB|x86.ActiveCfg = Release|Any CPU
		{9E69CFF7-5AB0-4752-AEA2-B61A773E1C3E}.CLIENT|Any CPU.ActiveCfg = Release|x86
		{9E69CFF7-5AB0-4752-AEA2-B61A773E1C3E}.CLIENT|Mixed Platforms.ActiveCfg = Release|x86
		{9E69CFF7-5AB0-4752-AEA2-B61A773E1C3E}.CLIENT|Mixed Platforms.Build.0 = Release|x86
		{9E69CFF7-5AB0-4752-AEA2-B61A773E1C3E}.CLIENT|x86.ActiveCfg = Release|x86
		{9E69CFF7-5AB0-4752-AEA2-B61A773E1C3E}.CLIENT|x86.Build.0 = Release|x86
		{9E69CFF7-5AB0-4752-AEA2-B61A773E1C3E}.Debug|Any CPU.ActiveCfg = Debug|x86
		{9E69CFF7-5AB0-4752-AEA2-B61A773E1C3E}.Debug|Mixed Platforms.ActiveCfg = Debug|x86
		{9E69CFF7-5AB0-4752-AEA2-B61A773E1C3E}.Debug|Mixed Platforms.Build.0 = Debug|x86
		{9E69CFF7-5AB0-4752-AEA2-B61A773E1C3E}.Debug|x86.ActiveCfg = Debug|x86
		{9E69CFF7-5AB0-4752-AEA2-B61A773E1C3E}.Debug|x86.Build.0 = Debug|x86
		{9E69CFF7-5AB0-4752-AEA2-B61A773E1C3E}.EntryBuilder|Any CPU.ActiveCfg = Release|x86
		{9E69CFF7-5AB0-4752-AEA2-B61A773E1C3E}.EntryBuilder|Mixed Platforms.ActiveCfg = Release|x86
		{9E69CFF7-5AB0-4752-AEA2-B61A773E1C3E}.EntryBuilder|Mixed Platforms.Build.0 = Release|x86
		{9E69CFF7-5AB0-4752-AEA2-B61A773E1C3E}.EntryBuilder|x86.ActiveCfg = Release|x86
		{9E69CFF7-5AB0-4752-AEA2-B61A773E1C3E}.EntryBuilder|x86.Build.0 = Release|x86
		{9E69CFF7-5AB0-4752-AEA2-B61A773E1C3E}.Release|Any CPU.ActiveCfg = Release|x86
		{9E69CFF7-5AB0-4752-AEA2-B61A773E1C3E}.Release|Mixed Platforms.ActiveCfg = Release|x86
		{9E69CFF7-5AB0-4752-AEA2-B61A773E1C3E}.Release|Mixed Platforms.Build.0 = Release|x86
		{9E69CFF7-5AB0-4752-AEA2-B61A773E1C3E}.Release|x86.ActiveCfg = Release|x86
		{9E69CFF7-5AB0-4752-AEA2-B61A773E1C3E}.Release|x86.Build.0 = Release|x86
		{9E69CFF7-5AB0-4752-AEA2-B61A773E1C3E}.SERVER|Any CPU.ActiveCfg = Release|x86
		{9E69CFF7-5AB0-4752-AEA2-B61A773E1C3E}.SERVER|Mixed Platforms.ActiveCfg = Release|x86
		{9E69CFF7-5AB0-4752-AEA2-B61A773E1C3E}.SERVER|Mixed Platforms.Build.0 = Release|x86
		{9E69CFF7-5AB0-4752-AEA2-B61A773E1C3E}.SERVER|x86.ActiveCfg = Release|x86
		{9E69CFF7-5AB0-4752-AEA2-B61A773E1C3E}.SERVER|x86.Build.0 = Release|x86
		{9E69CFF7-5AB0-4752-AEA2-B61A773E1C3E}.WEB|Any CPU.ActiveCfg = Release|x86
		{9E69CFF7-5AB0-4752-AEA2-B61A773E1C3E}.WEB|Mixed Platforms.ActiveCfg = Release|x86
		{9E69CFF7-5AB0-4752-AEA2-B61A773E1C3E}.WEB|Mixed Platforms.Build.0 = Release|x86
		{9E69CFF7-5AB0-4752-AEA2-B61A773E1C3E}.WEB|x86.ActiveCfg = Release|x86
		{9E69CFF7-5AB0-4752-AEA2-B61A773E1C3E}.WEB|x86.Build.0 = Release|x86
		{630A0610-40FD-4F67-8B5C-D603A3C06BE6}.CLIENT|Any CPU.ActiveCfg = Release|x86
		{630A0610-40FD-4F67-8B5C-D603A3C06BE6}.CLIENT|Mixed Platforms.ActiveCfg = Release|x86
		{630A0610-40FD-4F67-8B5C-D603A3C06BE6}.CLIENT|Mixed Platforms.Build.0 = Release|x86
		{630A0610-40FD-4F67-8B5C-D603A3C06BE6}.CLIENT|x86.ActiveCfg = Release|x86
		{630A0610-40FD-4F67-8B5C-D603A3C06BE6}.CLIENT|x86.Build.0 = Release|x86
		{630A0610-40FD-4F67-8B5C-D603A3C06BE6}.Debug|Any CPU.ActiveCfg = Debug|x86
		{630A0610-40FD-4F67-8B5C-D603A3C06BE6}.Debug|Mixed Platforms.ActiveCfg = Debug|x86
		{630A0610-40FD-4F67-8B5C-D603A3C06BE6}.Debug|Mixed Platforms.Build.0 = Debug|x86
		{630A0610-40FD-4F67-8B5C-D603A3C06BE6}.Debug|x86.ActiveCfg = Debug|x86
		{630A0610-40FD-4F67-8B5C-D603A3C06BE6}.Debug|x86.Build.0 = Debug|x86
		{630A0610-40FD-4F67-8B5C-D603A3C06BE6}.EntryBuilder|Any CPU.ActiveCfg = Release|x86
		{630A0610-40FD-4F67-8B5C-D603A3C06BE6}.EntryBuilder|Mixed Platforms.ActiveCfg = Release|x86
		{630A0610-40FD-4F67-8B5C-D603A3C06BE6}.EntryBuilder|Mixed Platforms.Build.0 = Release|x86
		{630A0610-40FD-4F67-8B5C-D603A3C06BE6}.EntryBuilder|x86.ActiveCfg = Release|x86
		{630A0610-40FD-4F67-8B5C-D603A3C06BE6}.EntryBuilder|x86.Build.0 = Release|x86
		{630A0610-40FD-4F67-8B5C-D603A3C06BE6}.Release|Any CPU.ActiveCfg = Release|x86
		{630A0610-40FD-4F67-8B5C-D603A3C06BE6}.Release|Mixed Platforms.ActiveCfg = Release|x86
		{630A0610-40FD-4F67-8B5C-D603A3C06BE6}.Release|Mixed Platforms.Build.0 = Release|x86
		{630A0610-40FD-4F67-8B5C-D603A3C06BE6}.Release|x86.ActiveCfg = Release|x86
		{630A0610-40FD-4F67-8B5C-D603A3C06BE6}.Release|x86.Build.0 = Release|x86
		{630A0610-40FD-4F67-8B5C-D603A3C06BE6}.SERVER|Any CPU.ActiveCfg = Release|x86
		{630A0610-40FD-4F67-8B5C-D603A3C06BE6}.SERVER|Mixed Platforms.ActiveCfg = Release|x86
		{630A0610-40FD-4F67-8B5C-D603A3C06BE6}.SERVER|Mixed Platforms.Build.0 = Release|x86
		{630A0610-40FD-4F67-8B5C-D603A3C06BE6}.SERVER|x86.ActiveCfg = Release|x86
		{630A0610-40FD-4F67-8B5C-D603A3C06BE6}.SERVER|x86.Build.0 = Release|x86
		{630A0610-40FD-4F67-8B5C-D603A3C06BE6}.WEB|Any CPU.ActiveCfg = Release|x86
		{630A0610-40FD-4F67-8B5C-D603A3C06BE6}.WEB|Mixed Platforms.ActiveCfg = Release|x86
		{630A0610-40FD-4F67-8B5C-D603A3C06BE6}.WEB|Mixed Platforms.Build.0 = Release|x86
		{630A0610-40FD-4F67-8B5C-D603A3C06BE6}.WEB|x86.ActiveCfg = Release|x86
		{630A0610-40FD-4F67-8B5C-D603A3C06BE6}.WEB|x86.Build.0 = Release|x86
		{B2484A9D-2B4E-4459-8751-6CEA2C250F0C}.CLIENT|Any CPU.ActiveCfg = Release|x86
		{B2484A9D-2B4E-4459-8751-6CEA2C250F0C}.CLIENT|Mixed Platforms.ActiveCfg = Release|x86
		{B2484A9D-2B4E-4459-8751-6CEA2C250F0C}.CLIENT|Mixed Platforms.Build.0 = Release|x86
		{B2484A9D-2B4E-4459-8751-6CEA2C250F0C}.CLIENT|x86.ActiveCfg = Release|x86
		{B2484A9D-2B4E-4459-8751-6CEA2C250F0C}.CLIENT|x86.Build.0 = Release|x86
		{B2484A9D-2B4E-4459-8751-6CEA2C250F0C}.Debug|Any CPU.ActiveCfg = Debug|x86
		{B2484A9D-2B4E-4459-8751-6CEA2C250F0C}.Debug|Mixed Platforms.ActiveCfg = Debug|x86
		{B2484A9D-2B4E-4459-8751-6CEA2C250F0C}.Debug|x86.ActiveCfg = Debug|x86
		{B2484A9D-2B4E-4459-8751-6CEA2C250F0C}.Debug|x86.Build.0 = Debug|x86
		{B2484A9D-2B4E-4459-8751-6CEA2C250F0C}.EntryBuilder|Any CPU.ActiveCfg = Release|x86
		{B2484A9D-2B4E-4459-8751-6CEA2C250F0C}.EntryBuilder|Mixed Platforms.ActiveCfg = Release|x86
		{B2484A9D-2B4E-4459-8751-6CEA2C250F0C}.EntryBuilder|Mixed Platforms.Build.0 = Release|x86
		{B2484A9D-2B4E-4459-8751-6CEA2C250F0C}.EntryBuilder|x86.ActiveCfg = Release|x86
		{B2484A9D-2B4E-4459-8751-6CEA2C250F0C}.EntryBuilder|x86.Build.0 = Release|x86
		{B2484A9D-2B4E-4459-8751-6CEA2C250F0C}.Release|Any CPU.ActiveCfg = Release|x86
		{B2484A9D-2B4E-4459-8751-6CEA2C250F0C}.Release|Mixed Platforms.ActiveCfg = Release|x86
		{B2484A9D-2B4E-4459-8751-6CEA2C250F0C}.Release|Mixed Platforms.Build.0 = Release|x86
		{B2484A9D-2B4E-4459-8751-6CEA2C250F0C}.Release|x86.ActiveCfg = Release|x86
		{B2484A9D-2B4E-4459-8751-6CEA2C250F0C}.Release|x86.Build.0 = Release|x86
		{B2484A9D-2B4E-4459-8751-6CEA2C250F0C}.SERVER|Any CPU.ActiveCfg = Release|x86
		{B2484A9D-2B4E-4459-8751-6CEA2C250F0C}.SERVER|Mixed Platforms.ActiveCfg = Release|x86
		{B2484A9D-2B4E-4459-8751-6CEA2C250F0C}.SERVER|Mixed Platforms.Build.0 = Release|x86
		{B2484A9D-2B4E-4459-8751-6CEA2C250F0C}.SERVER|x86.ActiveCfg = Release|x86
		{B2484A9D-2B4E-4459-8751-6CEA2C250F0C}.SERVER|x86.Build.0 = Release|x86
		{B2484A9D-2B4E-4459-8751-6CEA2C250F0C}.WEB|Any CPU.ActiveCfg = Release|x86
		{B2484A9D-2B4E-4459-8751-6CEA2C250F0C}.WEB|Mixed Platforms.ActiveCfg = Release|x86
		{B2484A9D-2B4E-4459-8751-6CEA2C250F0C}.WEB|Mixed Platforms.Build.0 = Release|x86
		{B2484A9D-2B4E-4459-8751-6CEA2C250F0C}.WEB|x86.ActiveCfg = Release|x86
		{B2484A9D-2B4E-4459-8751-6CEA2C250F0C}.WEB|x86.Build.0 = Release|x86
	EndGlobalSection
	GlobalSection(SolutionProperties) = preSolution
		HideSolutionNode = FALSE
	EndGlobalSection
	GlobalSection(NestedProjects) = preSolution
		{516530FA-7610-4DC9-91A5-B18B05CAFFCC} = {22CD9B7F-62F6-4B71-B4B2-1D067B1F7340}
		{F7196B2E-1FD0-4646-9018-D07335E8E0D4} = {22CD9B7F-62F6-4B71-B4B2-1D067B1F7340}
		{43BF0513-5469-4DB1-A770-ECA838C731DB} = {22CD9B7F-62F6-4B71-B4B2-1D067B1F7340}
		{88408D4A-1C4C-448F-8FF0-DD7F22BF789B} = {22CD9B7F-62F6-4B71-B4B2-1D067B1F7340}
		{06B9B93C-9E83-463E-B069-2119D49939F7} = {22CD9B7F-62F6-4B71-B4B2-1D067B1F7340}
		{9C7D9A58-AAEA-4228-957A-E7677E3DD0B1} = {06B9B93C-9E83-463E-B069-2119D49939F7}
		{A8E47335-AEF9-46F0-ACCF-A53592A3579F} = {06B9B93C-9E83-463E-B069-2119D49939F7}
		{27EC43E8-2C2F-4B25-8FB4-BD1DD3447FF0} = {79511FFD-B90B-4AD2-985C-D23ACA06B046}
		{2F39D763-1036-4B59-BB1A-05778D1BAEBC} = {79511FFD-B90B-4AD2-985C-D23ACA06B046}
		{45325383-F04A-4E9D-9EC1-FAC6E151E680} = {27EC43E8-2C2F-4B25-8FB4-BD1DD3447FF0}
		{20947282-9AAF-4023-BC1E-325D89415391} = {27EC43E8-2C2F-4B25-8FB4-BD1DD3447FF0}
		{206162A1-6DA8-4532-9280-C66005060D96} = {2F39D763-1036-4B59-BB1A-05778D1BAEBC}
		{2B097379-CFDE-4A16-869F-3E3729663094} = {2F39D763-1036-4B59-BB1A-05778D1BAEBC}
		{E4525844-93A3-472A-AD59-FF99984CF386} = {1C535693-644F-4934-B3DA-6F02FEA4FC8C}
		{2F723217-59D2-4680-8DBC-771D2311C280} = {1C535693-644F-4934-B3DA-6F02FEA4FC8C}
		{D6E12A5C-CD9D-4671-9BD7-5D3E79CE3543} = {1C535693-644F-4934-B3DA-6F02FEA4FC8C}
		{9BD2A4C1-6539-4D03-A45A-57549F02B4EE} = {1C535693-644F-4934-B3DA-6F02FEA4FC8C}
		{D894DFC4-0A6B-45DE-9D88-739D4569C056} = {9BD2A4C1-6539-4D03-A45A-57549F02B4EE}
		{65CB1ACB-9F2C-4109-9F15-4CB8E034E539} = {9BD2A4C1-6539-4D03-A45A-57549F02B4EE}
		{FA8B69CA-7BC1-4007-9451-D43878A0E5E5} = {9BD2A4C1-6539-4D03-A45A-57549F02B4EE}
		{D6815DAC-CB36-4DCD-B089-0583A0FD947C} = {9BD2A4C1-6539-4D03-A45A-57549F02B4EE}
		{56BE494E-880C-4647-B97D-EEC5B0A60FF6} = {9BD2A4C1-6539-4D03-A45A-57549F02B4EE}
		{65CAD11D-D44D-41E7-9B52-FD0062B180FF} = {14F51226-9775-467D-918C-4E7F7EB3882D}
		{12FF1B71-52C1-4C01-8351-6221A4DB9E54} = {65CAD11D-D44D-41E7-9B52-FD0062B180FF}
		{E481E6E2-D1FE-4530-8460-4A1E1E589132} = {65CAD11D-D44D-41E7-9B52-FD0062B180FF}
		{16000A1F-1E4C-4C26-BEB7-29528027EE68} = {65CAD11D-D44D-41E7-9B52-FD0062B180FF}
		{8982BEB9-D6BB-4BE3-83F1-ECC88DCF05A7} = {65CAD11D-D44D-41E7-9B52-FD0062B180FF}
		{9E69CFF7-5AB0-4752-AEA2-B61A773E1C3E} = {65CAD11D-D44D-41E7-9B52-FD0062B180FF}
		{630A0610-40FD-4F67-8B5C-D603A3C06BE6} = {65CAD11D-D44D-41E7-9B52-FD0062B180FF}
		{B2484A9D-2B4E-4459-8751-6CEA2C250F0C} = {65CAD11D-D44D-41E7-9B52-FD0062B180FF}
	EndGlobalSection
EndGlobal
