
Microsoft Visual Studio Solution File, Format Version 11.00
# Visual Studio 2010
Project("{2150E333-8FDC-42A3-9474-1A3956D46DE8}") = "Server", "Server", "{B1745027-1266-41C8-92EB-E58BC54E37A7}"
EndProject
Project("{2150E333-8FDC-42A3-9474-1A3956D46DE8}") = "Protocol", "Protocol", "{4D543DD6-D183-4045-AC48-E44212ED778D}"
EndProject
Project("{FAE04EC0-301F-11D3-BF4B-00C04F79EFBC}") = "Protocol", "Protocol\Protocol.csproj", "{CCE040B5-14CB-4A7C-8150-2F11951EEED6}"
EndProject
Project("{FAE04EC0-301F-11D3-BF4B-00C04F79EFBC}") = "Server", "Server\Server.csproj", "{60F6A73E-FD65-4A11-878F-50553156A921}"
EndProject
Project("{FAE04EC0-301F-11D3-BF4B-00C04F79EFBC}") = "WriteCommentToAPK", "WriteCommentToAPK\WriteCommentToAPK.csproj", "{C69BB799-B5F7-4A99-AB33-1FEE18FC84CB}"
EndProject
Project("{FAE04EC0-301F-11D3-BF4B-00C04F79EFBC}") = "ASSDK", "ASSDK\ASSDK.csproj", "{CC3C389A-E588-4173-A28E-A45995EF6103}"
EndProject
Global
	GlobalSection(SolutionConfigurationPlatforms) = preSolution
		Debug|Any CPU = Debug|Any CPU
		Debug|Mixed Platforms = Debug|Mixed Platforms
		Debug|x86 = Debug|x86
		Release|Any CPU = Release|Any CPU
		Release|Mixed Platforms = Release|Mixed Platforms
		Release|x86 = Release|x86
	EndGlobalSection
	GlobalSection(ProjectConfigurationPlatforms) = postSolution
		{CCE040B5-14CB-4A7C-8150-2F11951EEED6}.Debug|Any CPU.ActiveCfg = Debug|Any CPU
		{CCE040B5-14CB-4A7C-8150-2F11951EEED6}.Debug|Any CPU.Build.0 = Debug|Any CPU
		{CCE040B5-14CB-4A7C-8150-2F11951EEED6}.Debug|Mixed Platforms.ActiveCfg = Debug|Any CPU
		{CCE040B5-14CB-4A7C-8150-2F11951EEED6}.Debug|x86.ActiveCfg = Debug|Any CPU
		{CCE040B5-14CB-4A7C-8150-2F11951EEED6}.Release|Any CPU.ActiveCfg = Release|Any CPU
		{CCE040B5-14CB-4A7C-8150-2F11951EEED6}.Release|Any CPU.Build.0 = Release|Any CPU
		{CCE040B5-14CB-4A7C-8150-2F11951EEED6}.Release|Mixed Platforms.ActiveCfg = Release|Any CPU
		{CCE040B5-14CB-4A7C-8150-2F11951EEED6}.Release|Mixed Platforms.Build.0 = Release|Any CPU
		{CCE040B5-14CB-4A7C-8150-2F11951EEED6}.Release|x86.ActiveCfg = Release|Any CPU
		{60F6A73E-FD65-4A11-878F-50553156A921}.Debug|Any CPU.ActiveCfg = Debug|x86
		{60F6A73E-FD65-4A11-878F-50553156A921}.Debug|Mixed Platforms.ActiveCfg = Debug|x86
		{60F6A73E-FD65-4A11-878F-50553156A921}.Debug|Mixed Platforms.Build.0 = Debug|x86
		{60F6A73E-FD65-4A11-878F-50553156A921}.Debug|x86.ActiveCfg = Debug|x86
		{60F6A73E-FD65-4A11-878F-50553156A921}.Debug|x86.Build.0 = Debug|x86
		{60F6A73E-FD65-4A11-878F-50553156A921}.Release|Any CPU.ActiveCfg = Release|x86
		{60F6A73E-FD65-4A11-878F-50553156A921}.Release|Mixed Platforms.ActiveCfg = Release|x86
		{60F6A73E-FD65-4A11-878F-50553156A921}.Release|Mixed Platforms.Build.0 = Release|x86
		{60F6A73E-FD65-4A11-878F-50553156A921}.Release|x86.ActiveCfg = Release|x86
		{60F6A73E-FD65-4A11-878F-50553156A921}.Release|x86.Build.0 = Release|x86
		{C69BB799-B5F7-4A99-AB33-1FEE18FC84CB}.Debug|Any CPU.ActiveCfg = Debug|x86
		{C69BB799-B5F7-4A99-AB33-1FEE18FC84CB}.Debug|Mixed Platforms.ActiveCfg = Debug|x86
		{C69BB799-B5F7-4A99-AB33-1FEE18FC84CB}.Debug|x86.ActiveCfg = Debug|x86
		{C69BB799-B5F7-4A99-AB33-1FEE18FC84CB}.Debug|x86.Build.0 = Debug|x86
		{C69BB799-B5F7-4A99-AB33-1FEE18FC84CB}.Release|Any CPU.ActiveCfg = Release|x86
		{C69BB799-B5F7-4A99-AB33-1FEE18FC84CB}.Release|Mixed Platforms.ActiveCfg = Release|x86
		{C69BB799-B5F7-4A99-AB33-1FEE18FC84CB}.Release|Mixed Platforms.Build.0 = Release|x86
		{C69BB799-B5F7-4A99-AB33-1FEE18FC84CB}.Release|x86.ActiveCfg = Release|x86
		{C69BB799-B5F7-4A99-AB33-1FEE18FC84CB}.Release|x86.Build.0 = Release|x86
		{CC3C389A-E588-4173-A28E-A45995EF6103}.Debug|Any CPU.ActiveCfg = Debug|Any CPU
		{CC3C389A-E588-4173-A28E-A45995EF6103}.Debug|Any CPU.Build.0 = Debug|Any CPU
		{CC3C389A-E588-4173-A28E-A45995EF6103}.Debug|Mixed Platforms.ActiveCfg = Debug|Any CPU
		{CC3C389A-E588-4173-A28E-A45995EF6103}.Debug|Mixed Platforms.Build.0 = Debug|Any CPU
		{CC3C389A-E588-4173-A28E-A45995EF6103}.Debug|x86.ActiveCfg = Debug|Any CPU
		{CC3C389A-E588-4173-A28E-A45995EF6103}.Release|Any CPU.ActiveCfg = Release|Any CPU
		{CC3C389A-E588-4173-A28E-A45995EF6103}.Release|Any CPU.Build.0 = Release|Any CPU
		{CC3C389A-E588-4173-A28E-A45995EF6103}.Release|Mixed Platforms.ActiveCfg = Release|Any CPU
		{CC3C389A-E588-4173-A28E-A45995EF6103}.Release|Mixed Platforms.Build.0 = Release|Any CPU
		{CC3C389A-E588-4173-A28E-A45995EF6103}.Release|x86.ActiveCfg = Release|Any CPU
	EndGlobalSection
	GlobalSection(SolutionProperties) = preSolution
		HideSolutionNode = FALSE
	EndGlobalSection
	GlobalSection(NestedProjects) = preSolution
		{60F6A73E-FD65-4A11-878F-50553156A921} = {B1745027-1266-41C8-92EB-E58BC54E37A7}
		{CCE040B5-14CB-4A7C-8150-2F11951EEED6} = {4D543DD6-D183-4045-AC48-E44212ED778D}
		{C69BB799-B5F7-4A99-AB33-1FEE18FC84CB} = {4D543DD6-D183-4045-AC48-E44212ED778D}
		{CC3C389A-E588-4173-A28E-A45995EF6103} = {4D543DD6-D183-4045-AC48-E44212ED778D}
	EndGlobalSection
EndGlobal
